// !$*UTF8*$!
{
	archiveVersion = 1;
	classes = {
	};
	objectVersion = 56;
	objects = {

/* Begin PBXBuildFile section */
		14036C9C2C0DA0CC00CA5BFC /* GoogleService-Info.plist in Resources */ = {isa = PBXBuildFile; fileRef = 14036C9B2C0DA0CC00CA5BFC /* GoogleService-Info.plist */; };
		1404D67A2C0458AB008E9CDE /* CheckTwoFactorModel.swift in Sources */ = {isa = PBXBuildFile; fileRef = 1404D6792C0458AB008E9CDE /* CheckTwoFactorModel.swift */; };
		1404D67C2C0487C4008E9CDE /* SettingsViewController.swift in Sources */ = {isa = PBXBuildFile; fileRef = 1404D67B2C0487C4008E9CDE /* SettingsViewController.swift */; };
		140B20DD2C08517200BDCFAC /* addStoryModel.swift in Sources */ = {isa = PBXBuildFile; fileRef = 140B20DC2C08517200BDCFAC /* addStoryModel.swift */; };
		1417D8A82BFDB99500D77EB6 /* WelcomeToTheWeatherAppVC.swift in Sources */ = {isa = PBXBuildFile; fileRef = 1417D8A72BFDB99500D77EB6 /* WelcomeToTheWeatherAppVC.swift */; };
		1417D8AA2BFDEBA900D77EB6 /* VerifyNumberVC.swift in Sources */ = {isa = PBXBuildFile; fileRef = 1417D8A92BFDEBA900D77EB6 /* VerifyNumberVC.swift */; };
		1423389B2C05D72500328AB1 /* StatusVC.swift in Sources */ = {isa = PBXBuildFile; fileRef = 1423389A2C05D72500328AB1 /* StatusVC.swift */; };
		14392C402BFF4256004F8894 /* RegisterModel.swift in Sources */ = {isa = PBXBuildFile; fileRef = 14392C3F2BFF4256004F8894 /* RegisterModel.swift */; };
		14392C422BFF5D03004F8894 /* VerifyOTPModel.swift in Sources */ = {isa = PBXBuildFile; fileRef = 14392C412BFF5D03004F8894 /* VerifyOTPModel.swift */; };
		14392C442BFF6A41004F8894 /* Two-step-verificationPopUpVC.swift in Sources */ = {isa = PBXBuildFile; fileRef = 14392C432BFF6A41004F8894 /* Two-step-verificationPopUpVC.swift */; };
		14392C482BFF7B8D004F8894 /* DashChatsVC.swift in Sources */ = {isa = PBXBuildFile; fileRef = 14392C452BFF7B8D004F8894 /* DashChatsVC.swift */; };
		14392C492BFF7B8D004F8894 /* TabBarVC.swift in Sources */ = {isa = PBXBuildFile; fileRef = 14392C462BFF7B8D004F8894 /* TabBarVC.swift */; };
		14392C4B2BFF7BE2004F8894 /* DashBoard.storyboard in Resources */ = {isa = PBXBuildFile; fileRef = 14392C4A2BFF7BE2004F8894 /* DashBoard.storyboard */; };
		144063E62C187B3A007E9A52 /* MCEmojiPicker in Frameworks */ = {isa = PBXBuildFile; productRef = 144063E52C187B3A007E9A52 /* MCEmojiPicker */; };
		145750DE2C04984B0001E286 /* SettingsTableViewCell.xib in Resources */ = {isa = PBXBuildFile; fileRef = 145750DD2C04984B0001E286 /* SettingsTableViewCell.xib */; };
		145750DF2C04984B0001E286 /* SettingsTableViewCell.swift in Sources */ = {isa = PBXBuildFile; fileRef = 145750DC2C04984B0001E286 /* SettingsTableViewCell.swift */; };
		145750E22C04A7700001E286 /* AccountVC.swift in Sources */ = {isa = PBXBuildFile; fileRef = 145750E12C04A7700001E286 /* AccountVC.swift */; };
		145750E52C04AB960001E286 /* AccountTableViewCell.xib in Resources */ = {isa = PBXBuildFile; fileRef = 145750E42C04AB960001E286 /* AccountTableViewCell.xib */; };
		145750E62C04AB960001E286 /* AccountTableViewCell.swift in Sources */ = {isa = PBXBuildFile; fileRef = 145750E32C04AB960001E286 /* AccountTableViewCell.swift */; };
		145750E82C04B4AA0001E286 /* LogOutModel.swift in Sources */ = {isa = PBXBuildFile; fileRef = 145750E72C04B4AA0001E286 /* LogOutModel.swift */; };
		1463100E2C00C1DD0034896A /* AttachmentCLvCell.swift in Sources */ = {isa = PBXBuildFile; fileRef = 1463100C2C00C1DD0034896A /* AttachmentCLvCell.swift */; };
		1463100F2C00C1DD0034896A /* AttachmentCLvCell.xib in Resources */ = {isa = PBXBuildFile; fileRef = 1463100D2C00C1DD0034896A /* AttachmentCLvCell.xib */; };
		147366252C008B9B00419797 /* SaveLocalData.swift in Sources */ = {isa = PBXBuildFile; fileRef = 147366242C008B9B00419797 /* SaveLocalData.swift */; };
		147366272C0092D700419797 /* EditProfileModel.swift in Sources */ = {isa = PBXBuildFile; fileRef = 147366262C0092D700419797 /* EditProfileModel.swift */; };
		147DA46B2C181D7600D616E7 /* Message.swift in Sources */ = {isa = PBXBuildFile; fileRef = 147DA46A2C181D7600D616E7 /* Message.swift */; };
		147DA46D2C181E1500D616E7 /* MessageStore.swift in Sources */ = {isa = PBXBuildFile; fileRef = 147DA46C2C181E1500D616E7 /* MessageStore.swift */; };
		147DA4732C181E7900D616E7 /* LeftViewCell.swift in Sources */ = {isa = PBXBuildFile; fileRef = 147DA46E2C181E7900D616E7 /* LeftViewCell.swift */; };
		147DA4742C181E7900D616E7 /* LeftViewCell.xib in Resources */ = {isa = PBXBuildFile; fileRef = 147DA46F2C181E7900D616E7 /* LeftViewCell.xib */; };
		147DA4752C181E7900D616E7 /* RightViewCell.swift in Sources */ = {isa = PBXBuildFile; fileRef = 147DA4702C181E7900D616E7 /* RightViewCell.swift */; };
		147DA4762C181E7900D616E7 /* RightViewCell.xib in Resources */ = {isa = PBXBuildFile; fileRef = 147DA4712C181E7900D616E7 /* RightViewCell.xib */; };
		147DA4782C1846AA00D616E7 /* ChatModel.swift in Sources */ = {isa = PBXBuildFile; fileRef = 147DA4772C1846AA00D616E7 /* ChatModel.swift */; };
		1488B0C62C0603E700DF7372 /* StatusStoryVC.swift in Sources */ = {isa = PBXBuildFile; fileRef = 1488B0C52C0603E700DF7372 /* StatusStoryVC.swift */; };
		14939D582C07230D001E6A44 /* StoryListModel.swift in Sources */ = {isa = PBXBuildFile; fileRef = 14939D572C07230D001E6A44 /* StoryListModel.swift */; };
		14939D5C2C07269F001E6A44 /* StoryTableViewCell.swift in Sources */ = {isa = PBXBuildFile; fileRef = 14939D5A2C07269F001E6A44 /* StoryTableViewCell.swift */; };
		14939D5D2C0726A0001E6A44 /* StoryTableViewCell.xib in Resources */ = {isa = PBXBuildFile; fileRef = 14939D5B2C07269F001E6A44 /* StoryTableViewCell.xib */; };
		14A3E29F2C00557900417919 /* optionHeaderTblvCell.xib in Resources */ = {isa = PBXBuildFile; fileRef = 14A3E29E2C00557900417919 /* optionHeaderTblvCell.xib */; };
		14A3E2A02C00557900417919 /* optionHeaderTblvCell.swift in Sources */ = {isa = PBXBuildFile; fileRef = 14A3E29D2C00557900417919 /* optionHeaderTblvCell.swift */; };
		14A3E2A22C00578500417919 /* UIView.swift in Sources */ = {isa = PBXBuildFile; fileRef = 14A3E2A12C00578500417919 /* UIView.swift */; };
		14AF4BAE2BFC6B790042CB95 /* PopUp.storyboard in Resources */ = {isa = PBXBuildFile; fileRef = 14AF4BAD2BFC6B790042CB95 /* PopUp.storyboard */; };
		14AF4BB12BFC6DA00042CB95 /* CitysPopUPVC.swift in Sources */ = {isa = PBXBuildFile; fileRef = 14AF4BB02BFC6DA00042CB95 /* CitysPopUPVC.swift */; };
		14AF4BB42BFC72540042CB95 /* UIViewControllerExtented.swift in Sources */ = {isa = PBXBuildFile; fileRef = 14AF4BB32BFC72540042CB95 /* UIViewControllerExtented.swift */; };
		14AF4BB62BFC72EC0042CB95 /* UIColores.swift in Sources */ = {isa = PBXBuildFile; fileRef = 14AF4BB52BFC72EC0042CB95 /* UIColores.swift */; };
		14AF4BBF2BFC80940042CB95 /* CitysCollectionViewCell.swift in Sources */ = {isa = PBXBuildFile; fileRef = 14AF4BBD2BFC80940042CB95 /* CitysCollectionViewCell.swift */; };
		14AF4BC02BFC80940042CB95 /* CitysCollectionViewCell.xib in Resources */ = {isa = PBXBuildFile; fileRef = 14AF4BBE2BFC80940042CB95 /* CitysCollectionViewCell.xib */; };
		14AF4BE32BFCC1B60042CB95 /* Singleton.swift in Sources */ = {isa = PBXBuildFile; fileRef = 14AF4BE22BFCC1B60042CB95 /* Singleton.swift */; };
		14AFB24B2C0073D200F0D93D /* ChatsTBlvCell.xib in Resources */ = {isa = PBXBuildFile; fileRef = 14AFB24A2C0073D200F0D93D /* ChatsTBlvCell.xib */; };
		14AFB24C2C0073D200F0D93D /* ChatsTBlvCell.swift in Sources */ = {isa = PBXBuildFile; fileRef = 14AFB2492C0073D200F0D93D /* ChatsTBlvCell.swift */; };
		14AFB2502C0092CA00F0D93D /* InnerChatVC.swift in Sources */ = {isa = PBXBuildFile; fileRef = 14AFB24F2C0092CA00F0D93D /* InnerChatVC.swift */; };
		14B3742E2C006D6500AC949B /* ProfileVC.swift in Sources */ = {isa = PBXBuildFile; fileRef = 14B3742D2C006D6500AC949B /* ProfileVC.swift */; };
		14BD6B512C05AF0F00D76C36 /* LiveChatModel.swift in Sources */ = {isa = PBXBuildFile; fileRef = 14BD6B502C05AF0F00D76C36 /* LiveChatModel.swift */; };
		14BD6B542C05D1A100D76C36 /* TimeConverter.swift in Sources */ = {isa = PBXBuildFile; fileRef = 14BD6B532C05D1A100D76C36 /* TimeConverter.swift */; };
		14BD6B572C05DD4200D76C36 /* InnerChatTblvCell.xib in Resources */ = {isa = PBXBuildFile; fileRef = 14BD6B562C05DD4200D76C36 /* InnerChatTblvCell.xib */; };
		14BD6B582C05DD4200D76C36 /* InnerChatTblvCell.swift in Sources */ = {isa = PBXBuildFile; fileRef = 14BD6B552C05DD4200D76C36 /* InnerChatTblvCell.swift */; };
		14D3CDE62BFB5CCD00E700CB /* AppDelegate.swift in Sources */ = {isa = PBXBuildFile; fileRef = 14D3CDE52BFB5CCD00E700CB /* AppDelegate.swift */; };
		14D3CDE82BFB5CCD00E700CB /* SceneDelegate.swift in Sources */ = {isa = PBXBuildFile; fileRef = 14D3CDE72BFB5CCD00E700CB /* SceneDelegate.swift */; };
		14D3CDED2BFB5CCD00E700CB /* Base in Resources */ = {isa = PBXBuildFile; fileRef = 14D3CDEC2BFB5CCD00E700CB /* Base */; };
		14D3CDEF2BFB5CCE00E700CB /* Assets.xcassets in Resources */ = {isa = PBXBuildFile; fileRef = 14D3CDEE2BFB5CCE00E700CB /* Assets.xcassets */; };
		14D3CDF22BFB5CCE00E700CB /* Base in Resources */ = {isa = PBXBuildFile; fileRef = 14D3CDF12BFB5CCE00E700CB /* Base */; };
		14D3CDFD2BFB5CCE00E700CB /* WeatherAppTests.swift in Sources */ = {isa = PBXBuildFile; fileRef = 14D3CDFC2BFB5CCE00E700CB /* WeatherAppTests.swift */; };
		14D3CE072BFB5CCE00E700CB /* WeatherAppUITests.swift in Sources */ = {isa = PBXBuildFile; fileRef = 14D3CE062BFB5CCE00E700CB /* WeatherAppUITests.swift */; };
		14D3CE092BFB5CCE00E700CB /* WeatherAppUITestsLaunchTests.swift in Sources */ = {isa = PBXBuildFile; fileRef = 14D3CE082BFB5CCE00E700CB /* WeatherAppUITestsLaunchTests.swift */; };
		14D3CE162BFB5D4700E700CB /* WeatherViewController.swift in Sources */ = {isa = PBXBuildFile; fileRef = 14D3CE152BFB5D4700E700CB /* WeatherViewController.swift */; };
		14D3CE1C2BFB5D9500E700CB /* WeatherDayListCollectionCell.swift in Sources */ = {isa = PBXBuildFile; fileRef = 14D3CE172BFB5D9500E700CB /* WeatherDayListCollectionCell.swift */; };
		14D3CE1D2BFB5D9500E700CB /* WeatherDayListCollectionCell.xib in Resources */ = {isa = PBXBuildFile; fileRef = 14D3CE182BFB5D9500E700CB /* WeatherDayListCollectionCell.xib */; };
		14D3CE1E2BFB5D9500E700CB /* WeatherListCell.swift in Sources */ = {isa = PBXBuildFile; fileRef = 14D3CE192BFB5D9500E700CB /* WeatherListCell.swift */; };
		14D3CE1F2BFB5D9500E700CB /* WeatherListCell.xib in Resources */ = {isa = PBXBuildFile; fileRef = 14D3CE1A2BFB5D9500E700CB /* WeatherListCell.xib */; };
		14D3CE212BFB5E8000E700CB /* WhiteColorNoneNavigation.swift in Sources */ = {isa = PBXBuildFile; fileRef = 14D3CE202BFB5E8000E700CB /* WhiteColorNoneNavigation.swift */; };
		14D3CE232BFB5F0300E700CB /* AppResources.swift in Sources */ = {isa = PBXBuildFile; fileRef = 14D3CE222BFB5F0300E700CB /* AppResources.swift */; };
		14D3CE2A2BFB5F0C00E700CB /* nunitosans_black.TTF in Resources */ = {isa = PBXBuildFile; fileRef = 14D3CE242BFB5F0B00E700CB /* nunitosans_black.TTF */; };
		14D3CE2B2BFB5F0C00E700CB /* nunitosans_bold.TTF in Resources */ = {isa = PBXBuildFile; fileRef = 14D3CE252BFB5F0B00E700CB /* nunitosans_bold.TTF */; };
		14D3CE2C2BFB5F0C00E700CB /* nunitosans_extrabold.TTF in Resources */ = {isa = PBXBuildFile; fileRef = 14D3CE262BFB5F0B00E700CB /* nunitosans_extrabold.TTF */; };
		14D3CE2D2BFB5F0C00E700CB /* nunitosans_regular.TTF in Resources */ = {isa = PBXBuildFile; fileRef = 14D3CE272BFB5F0B00E700CB /* nunitosans_regular.TTF */; };
		14D3CE2E2BFB5F0C00E700CB /* nunitosans_semibold.TTF in Resources */ = {isa = PBXBuildFile; fileRef = 14D3CE282BFB5F0B00E700CB /* nunitosans_semibold.TTF */; };
		14D3CE302BFB5F7300E700CB /* WeatherListModel.swift in Sources */ = {isa = PBXBuildFile; fileRef = 14D3CE2F2BFB5F7300E700CB /* WeatherListModel.swift */; };
		14D3CE332BFB625000E700CB /* CommonFile.swift in Sources */ = {isa = PBXBuildFile; fileRef = 14D3CE322BFB625000E700CB /* CommonFile.swift */; };
		14D3CE412BFB652300E700CB /* UITableViewCell.swift in Sources */ = {isa = PBXBuildFile; fileRef = 14D3CE402BFB652300E700CB /* UITableViewCell.swift */; };
		14D3CE432BFB655A00E700CB /* UICollectionViewCell.swift in Sources */ = {isa = PBXBuildFile; fileRef = 14D3CE422BFB655A00E700CB /* UICollectionViewCell.swift */; };
		14D3CE452BFB659300E700CB /* UIImage.swift in Sources */ = {isa = PBXBuildFile; fileRef = 14D3CE442BFB659300E700CB /* UIImage.swift */; };
		14D3CE502BFB68E000E700CB /* Constant.swift in Sources */ = {isa = PBXBuildFile; fileRef = 14D3CE462BFB68E000E700CB /* Constant.swift */; };
		14D3CE512BFB68E000E700CB /* APILogs.swift in Sources */ = {isa = PBXBuildFile; fileRef = 14D3CE482BFB68E000E700CB /* APILogs.swift */; };
		14D3CE532BFB68E000E700CB /* CounterManaged.swift in Sources */ = {isa = PBXBuildFile; fileRef = 14D3CE4A2BFB68E000E700CB /* CounterManaged.swift */; };
		14D3CE542BFB68E000E700CB /* DataManager.swift in Sources */ = {isa = PBXBuildFile; fileRef = 14D3CE4B2BFB68E000E700CB /* DataManager.swift */; };
		14D3CE552BFB68E000E700CB /* NetworkManager.swift in Sources */ = {isa = PBXBuildFile; fileRef = 14D3CE4C2BFB68E000E700CB /* NetworkManager.swift */; };
		14D3CE562BFB68E000E700CB /* Reachability.swift in Sources */ = {isa = PBXBuildFile; fileRef = 14D3CE4D2BFB68E000E700CB /* Reachability.swift */; };
		14D3CE572BFB68E000E700CB /* WebServices.swift in Sources */ = {isa = PBXBuildFile; fileRef = 14D3CE4E2BFB68E000E700CB /* WebServices.swift */; };
		14D3CE5B2BFB6AA300E700CB /* Validation.swift in Sources */ = {isa = PBXBuildFile; fileRef = 14D3CE5A2BFB6AA300E700CB /* Validation.swift */; };
		14D950A42C00A32C00EDD4E8 /* Two-step-verificationVC.swift in Sources */ = {isa = PBXBuildFile; fileRef = 14D950A32C00A32C00EDD4E8 /* Two-step-verificationVC.swift */; };
		14D950A62C00AC1900EDD4E8 /* PinSetVC.swift in Sources */ = {isa = PBXBuildFile; fileRef = 14D950A52C00AC1900EDD4E8 /* PinSetVC.swift */; };
		14D950A82C00B6CC00EDD4E8 /* ConfirmPinVC.swift in Sources */ = {isa = PBXBuildFile; fileRef = 14D950A72C00B6CC00EDD4E8 /* ConfirmPinVC.swift */; };
		14D950AB2C00C8EC00EDD4E8 /* AddTwoStepVerificationcodeModel.swift in Sources */ = {isa = PBXBuildFile; fileRef = 14D950AA2C00C8EC00EDD4E8 /* AddTwoStepVerificationcodeModel.swift */; };
		14DB818D2C05A2E8000BB7FB /* UITextField.swift in Sources */ = {isa = PBXBuildFile; fileRef = 14DB818C2C05A2E8000BB7FB /* UITextField.swift */; };
		14E1FC6A2C09FD38001739C3 /* StoryViewController.swift in Sources */ = {isa = PBXBuildFile; fileRef = 14E1FC692C09FD38001739C3 /* StoryViewController.swift */; };
		14E1FC6E2C09FDFA001739C3 /* StoryBar.swift in Sources */ = {isa = PBXBuildFile; fileRef = 14E1FC6B2C09FDFA001739C3 /* StoryBar.swift */; };
		14E1FC6F2C09FDFA001739C3 /* StoryHandler.swift in Sources */ = {isa = PBXBuildFile; fileRef = 14E1FC6C2C09FDFA001739C3 /* StoryHandler.swift */; };
		14E1FC712C09FE6B001739C3 /* OuterCell.swift in Sources */ = {isa = PBXBuildFile; fileRef = 14E1FC702C09FE6B001739C3 /* OuterCell.swift */; };
		14E1FC732C09FEA5001739C3 /* InnerCell.swift in Sources */ = {isa = PBXBuildFile; fileRef = 14E1FC722C09FEA5001739C3 /* InnerCell.swift */; };
		14F11F862C0EE95000F29729 /* TextStatusVC.swift in Sources */ = {isa = PBXBuildFile; fileRef = 14F11F852C0EE95000F29729 /* TextStatusVC.swift */; };
		14F11F8E2C0F186F00F29729 /* font2.ttf in Resources */ = {isa = PBXBuildFile; fileRef = 14F11F872C0F186E00F29729 /* font2.ttf */; };
		14F11F8F2C0F186F00F29729 /* font6.ttf in Resources */ = {isa = PBXBuildFile; fileRef = 14F11F882C0F186F00F29729 /* font6.ttf */; };
		14F11F902C0F186F00F29729 /* font5.ttf in Resources */ = {isa = PBXBuildFile; fileRef = 14F11F892C0F186F00F29729 /* font5.ttf */; };
		14F11F912C0F186F00F29729 /* font1.otf in Resources */ = {isa = PBXBuildFile; fileRef = 14F11F8A2C0F186F00F29729 /* font1.otf */; };
		14F11F922C0F186F00F29729 /* font4.ttf in Resources */ = {isa = PBXBuildFile; fileRef = 14F11F8B2C0F186F00F29729 /* font4.ttf */; };
		14F11F932C0F186F00F29729 /* font7.otf in Resources */ = {isa = PBXBuildFile; fileRef = 14F11F8C2C0F186F00F29729 /* font7.otf */; };
		14F11F942C0F186F00F29729 /* font3.ttf in Resources */ = {isa = PBXBuildFile; fileRef = 14F11F8D2C0F186F00F29729 /* font3.ttf */; };
		70D810CB3A22DB2EF280F369 /* Pods_WeatherApp.framework in Frameworks */ = {isa = PBXBuildFile; fileRef = 0B4D3880110DF7A00E159173 /* Pods_WeatherApp.framework */; };
/* End PBXBuildFile section */

/* Begin PBXContainerItemProxy section */
		14D3CDF92BFB5CCE00E700CB /* PBXContainerItemProxy */ = {
			isa = PBXContainerItemProxy;
			containerPortal = 14D3CDDA2BFB5CCD00E700CB /* Project object */;
			proxyType = 1;
			remoteGlobalIDString = 14D3CDE12BFB5CCD00E700CB;
			remoteInfo = WeatherApp;
		};
		14D3CE032BFB5CCE00E700CB /* PBXContainerItemProxy */ = {
			isa = PBXContainerItemProxy;
			containerPortal = 14D3CDDA2BFB5CCD00E700CB /* Project object */;
			proxyType = 1;
			remoteGlobalIDString = 14D3CDE12BFB5CCD00E700CB;
			remoteInfo = WeatherApp;
		};
/* End PBXContainerItemProxy section */

/* Begin PBXFileReference section */
		0B4D3880110DF7A00E159173 /* Pods_WeatherApp.framework */ = {isa = PBXFileReference; explicitFileType = wrapper.framework; includeInIndex = 0; path = Pods_WeatherApp.framework; sourceTree = BUILT_PRODUCTS_DIR; };
		14036C9B2C0DA0CC00CA5BFC /* GoogleService-Info.plist */ = {isa = PBXFileReference; fileEncoding = 4; lastKnownFileType = text.plist.xml; path = "GoogleService-Info.plist"; sourceTree = "<group>"; };
		1404D6792C0458AB008E9CDE /* CheckTwoFactorModel.swift */ = {isa = PBXFileReference; lastKnownFileType = sourcecode.swift; path = CheckTwoFactorModel.swift; sourceTree = "<group>"; };
		1404D67B2C0487C4008E9CDE /* SettingsViewController.swift */ = {isa = PBXFileReference; lastKnownFileType = sourcecode.swift; path = SettingsViewController.swift; sourceTree = "<group>"; };
		140B20DC2C08517200BDCFAC /* addStoryModel.swift */ = {isa = PBXFileReference; lastKnownFileType = sourcecode.swift; path = addStoryModel.swift; sourceTree = "<group>"; };
		1417D8A72BFDB99500D77EB6 /* WelcomeToTheWeatherAppVC.swift */ = {isa = PBXFileReference; lastKnownFileType = sourcecode.swift; path = WelcomeToTheWeatherAppVC.swift; sourceTree = "<group>"; };
		1417D8A92BFDEBA900D77EB6 /* VerifyNumberVC.swift */ = {isa = PBXFileReference; lastKnownFileType = sourcecode.swift; path = VerifyNumberVC.swift; sourceTree = "<group>"; };
		1423389A2C05D72500328AB1 /* StatusVC.swift */ = {isa = PBXFileReference; lastKnownFileType = sourcecode.swift; path = StatusVC.swift; sourceTree = "<group>"; };
		14392C3F2BFF4256004F8894 /* RegisterModel.swift */ = {isa = PBXFileReference; lastKnownFileType = sourcecode.swift; path = RegisterModel.swift; sourceTree = "<group>"; };
		14392C412BFF5D03004F8894 /* VerifyOTPModel.swift */ = {isa = PBXFileReference; lastKnownFileType = sourcecode.swift; path = VerifyOTPModel.swift; sourceTree = "<group>"; };
		14392C432BFF6A41004F8894 /* Two-step-verificationPopUpVC.swift */ = {isa = PBXFileReference; lastKnownFileType = sourcecode.swift; path = "Two-step-verificationPopUpVC.swift"; sourceTree = "<group>"; };
		14392C452BFF7B8D004F8894 /* DashChatsVC.swift */ = {isa = PBXFileReference; fileEncoding = 4; lastKnownFileType = sourcecode.swift; path = DashChatsVC.swift; sourceTree = "<group>"; };
		14392C462BFF7B8D004F8894 /* TabBarVC.swift */ = {isa = PBXFileReference; fileEncoding = 4; lastKnownFileType = sourcecode.swift; path = TabBarVC.swift; sourceTree = "<group>"; };
		14392C4A2BFF7BE2004F8894 /* DashBoard.storyboard */ = {isa = PBXFileReference; fileEncoding = 4; lastKnownFileType = file.storyboard; path = DashBoard.storyboard; sourceTree = "<group>"; };
		145750DC2C04984B0001E286 /* SettingsTableViewCell.swift */ = {isa = PBXFileReference; lastKnownFileType = sourcecode.swift; path = SettingsTableViewCell.swift; sourceTree = "<group>"; };
		145750DD2C04984B0001E286 /* SettingsTableViewCell.xib */ = {isa = PBXFileReference; lastKnownFileType = file.xib; path = SettingsTableViewCell.xib; sourceTree = "<group>"; };
		145750E12C04A7700001E286 /* AccountVC.swift */ = {isa = PBXFileReference; lastKnownFileType = sourcecode.swift; path = AccountVC.swift; sourceTree = "<group>"; };
		145750E32C04AB960001E286 /* AccountTableViewCell.swift */ = {isa = PBXFileReference; lastKnownFileType = sourcecode.swift; path = AccountTableViewCell.swift; sourceTree = "<group>"; };
		145750E42C04AB960001E286 /* AccountTableViewCell.xib */ = {isa = PBXFileReference; lastKnownFileType = file.xib; path = AccountTableViewCell.xib; sourceTree = "<group>"; };
		145750E72C04B4AA0001E286 /* LogOutModel.swift */ = {isa = PBXFileReference; lastKnownFileType = sourcecode.swift; path = LogOutModel.swift; sourceTree = "<group>"; };
		1463100C2C00C1DD0034896A /* AttachmentCLvCell.swift */ = {isa = PBXFileReference; lastKnownFileType = sourcecode.swift; path = AttachmentCLvCell.swift; sourceTree = "<group>"; };
		1463100D2C00C1DD0034896A /* AttachmentCLvCell.xib */ = {isa = PBXFileReference; lastKnownFileType = file.xib; path = AttachmentCLvCell.xib; sourceTree = "<group>"; };
		147366242C008B9B00419797 /* SaveLocalData.swift */ = {isa = PBXFileReference; fileEncoding = 4; lastKnownFileType = sourcecode.swift; path = SaveLocalData.swift; sourceTree = "<group>"; };
		147366262C0092D700419797 /* EditProfileModel.swift */ = {isa = PBXFileReference; lastKnownFileType = sourcecode.swift; path = EditProfileModel.swift; sourceTree = "<group>"; };
		147DA46A2C181D7600D616E7 /* Message.swift */ = {isa = PBXFileReference; fileEncoding = 4; lastKnownFileType = sourcecode.swift; path = Message.swift; sourceTree = "<group>"; };
		147DA46C2C181E1500D616E7 /* MessageStore.swift */ = {isa = PBXFileReference; fileEncoding = 4; lastKnownFileType = sourcecode.swift; path = MessageStore.swift; sourceTree = "<group>"; };
		147DA46E2C181E7900D616E7 /* LeftViewCell.swift */ = {isa = PBXFileReference; fileEncoding = 4; lastKnownFileType = sourcecode.swift; path = LeftViewCell.swift; sourceTree = "<group>"; };
		147DA46F2C181E7900D616E7 /* LeftViewCell.xib */ = {isa = PBXFileReference; fileEncoding = 4; lastKnownFileType = file.xib; path = LeftViewCell.xib; sourceTree = "<group>"; };
		147DA4702C181E7900D616E7 /* RightViewCell.swift */ = {isa = PBXFileReference; fileEncoding = 4; lastKnownFileType = sourcecode.swift; path = RightViewCell.swift; sourceTree = "<group>"; };
		147DA4712C181E7900D616E7 /* RightViewCell.xib */ = {isa = PBXFileReference; fileEncoding = 4; lastKnownFileType = file.xib; path = RightViewCell.xib; sourceTree = "<group>"; };
		147DA4772C1846AA00D616E7 /* ChatModel.swift */ = {isa = PBXFileReference; lastKnownFileType = sourcecode.swift; path = ChatModel.swift; sourceTree = "<group>"; };
		1488B0C52C0603E700DF7372 /* StatusStoryVC.swift */ = {isa = PBXFileReference; lastKnownFileType = sourcecode.swift; path = StatusStoryVC.swift; sourceTree = "<group>"; };
		14939D572C07230D001E6A44 /* StoryListModel.swift */ = {isa = PBXFileReference; lastKnownFileType = sourcecode.swift; path = StoryListModel.swift; sourceTree = "<group>"; };
		14939D5A2C07269F001E6A44 /* StoryTableViewCell.swift */ = {isa = PBXFileReference; lastKnownFileType = sourcecode.swift; path = StoryTableViewCell.swift; sourceTree = "<group>"; };
		14939D5B2C07269F001E6A44 /* StoryTableViewCell.xib */ = {isa = PBXFileReference; lastKnownFileType = file.xib; path = StoryTableViewCell.xib; sourceTree = "<group>"; };
		14A3E29D2C00557900417919 /* optionHeaderTblvCell.swift */ = {isa = PBXFileReference; lastKnownFileType = sourcecode.swift; path = optionHeaderTblvCell.swift; sourceTree = "<group>"; };
		14A3E29E2C00557900417919 /* optionHeaderTblvCell.xib */ = {isa = PBXFileReference; lastKnownFileType = file.xib; path = optionHeaderTblvCell.xib; sourceTree = "<group>"; };
		14A3E2A12C00578500417919 /* UIView.swift */ = {isa = PBXFileReference; lastKnownFileType = sourcecode.swift; path = UIView.swift; sourceTree = "<group>"; };
		14AF4BAD2BFC6B790042CB95 /* PopUp.storyboard */ = {isa = PBXFileReference; lastKnownFileType = file.storyboard; path = PopUp.storyboard; sourceTree = "<group>"; };
		14AF4BB02BFC6DA00042CB95 /* CitysPopUPVC.swift */ = {isa = PBXFileReference; lastKnownFileType = sourcecode.swift; path = CitysPopUPVC.swift; sourceTree = "<group>"; };
		14AF4BB32BFC72540042CB95 /* UIViewControllerExtented.swift */ = {isa = PBXFileReference; fileEncoding = 4; lastKnownFileType = sourcecode.swift; path = UIViewControllerExtented.swift; sourceTree = "<group>"; };
		14AF4BB52BFC72EC0042CB95 /* UIColores.swift */ = {isa = PBXFileReference; fileEncoding = 4; lastKnownFileType = sourcecode.swift; name = UIColores.swift; path = ColoreClass/UIColores.swift; sourceTree = "<group>"; };
		14AF4BB72BFC7A500042CB95 /* helvetica_bold.ttf */ = {isa = PBXFileReference; lastKnownFileType = file; path = helvetica_bold.ttf; sourceTree = "<group>"; };
		14AF4BB82BFC7A510042CB95 /* helvetica_regular.ttf */ = {isa = PBXFileReference; lastKnownFileType = file; path = helvetica_regular.ttf; sourceTree = "<group>"; };
		14AF4BBA2BFC7A510042CB95 /* helvetica_semibold.ttf */ = {isa = PBXFileReference; lastKnownFileType = file; path = helvetica_semibold.ttf; sourceTree = "<group>"; };
		14AF4BBB2BFC7A510042CB95 /* helvetica_medium.ttf */ = {isa = PBXFileReference; lastKnownFileType = file; path = helvetica_medium.ttf; sourceTree = "<group>"; };
		14AF4BBD2BFC80940042CB95 /* CitysCollectionViewCell.swift */ = {isa = PBXFileReference; lastKnownFileType = sourcecode.swift; path = CitysCollectionViewCell.swift; sourceTree = "<group>"; };
		14AF4BBE2BFC80940042CB95 /* CitysCollectionViewCell.xib */ = {isa = PBXFileReference; lastKnownFileType = file.xib; path = CitysCollectionViewCell.xib; sourceTree = "<group>"; };
		14AF4BE22BFCC1B60042CB95 /* Singleton.swift */ = {isa = PBXFileReference; lastKnownFileType = sourcecode.swift; path = Singleton.swift; sourceTree = "<group>"; };
		14AFB2492C0073D200F0D93D /* ChatsTBlvCell.swift */ = {isa = PBXFileReference; lastKnownFileType = sourcecode.swift; path = ChatsTBlvCell.swift; sourceTree = "<group>"; };
		14AFB24A2C0073D200F0D93D /* ChatsTBlvCell.xib */ = {isa = PBXFileReference; lastKnownFileType = file.xib; path = ChatsTBlvCell.xib; sourceTree = "<group>"; };
		14AFB24F2C0092CA00F0D93D /* InnerChatVC.swift */ = {isa = PBXFileReference; lastKnownFileType = sourcecode.swift; path = InnerChatVC.swift; sourceTree = "<group>"; };
		14B3742D2C006D6500AC949B /* ProfileVC.swift */ = {isa = PBXFileReference; fileEncoding = 4; lastKnownFileType = sourcecode.swift; path = ProfileVC.swift; sourceTree = "<group>"; };
		14BD6B502C05AF0F00D76C36 /* LiveChatModel.swift */ = {isa = PBXFileReference; lastKnownFileType = sourcecode.swift; path = LiveChatModel.swift; sourceTree = "<group>"; };
		14BD6B532C05D1A100D76C36 /* TimeConverter.swift */ = {isa = PBXFileReference; lastKnownFileType = sourcecode.swift; path = TimeConverter.swift; sourceTree = "<group>"; };
		14BD6B552C05DD4200D76C36 /* InnerChatTblvCell.swift */ = {isa = PBXFileReference; lastKnownFileType = sourcecode.swift; path = InnerChatTblvCell.swift; sourceTree = "<group>"; };
		14BD6B562C05DD4200D76C36 /* InnerChatTblvCell.xib */ = {isa = PBXFileReference; lastKnownFileType = file.xib; path = InnerChatTblvCell.xib; sourceTree = "<group>"; };
		14D3CDE22BFB5CCD00E700CB /* WeatherApp.app */ = {isa = PBXFileReference; explicitFileType = wrapper.application; includeInIndex = 0; path = WeatherApp.app; sourceTree = BUILT_PRODUCTS_DIR; };
		14D3CDE52BFB5CCD00E700CB /* AppDelegate.swift */ = {isa = PBXFileReference; lastKnownFileType = sourcecode.swift; path = AppDelegate.swift; sourceTree = "<group>"; };
		14D3CDE72BFB5CCD00E700CB /* SceneDelegate.swift */ = {isa = PBXFileReference; lastKnownFileType = sourcecode.swift; path = SceneDelegate.swift; sourceTree = "<group>"; };
		14D3CDEC2BFB5CCD00E700CB /* Base */ = {isa = PBXFileReference; lastKnownFileType = file.storyboard; name = Base; path = Base.lproj/Main.storyboard; sourceTree = "<group>"; };
		14D3CDEE2BFB5CCE00E700CB /* Assets.xcassets */ = {isa = PBXFileReference; lastKnownFileType = folder.assetcatalog; path = Assets.xcassets; sourceTree = "<group>"; };
		14D3CDF12BFB5CCE00E700CB /* Base */ = {isa = PBXFileReference; lastKnownFileType = file.storyboard; name = Base; path = Base.lproj/LaunchScreen.storyboard; sourceTree = "<group>"; };
		14D3CDF32BFB5CCE00E700CB /* Info.plist */ = {isa = PBXFileReference; lastKnownFileType = text.plist.xml; path = Info.plist; sourceTree = "<group>"; };
		14D3CDF82BFB5CCE00E700CB /* WeatherAppTests.xctest */ = {isa = PBXFileReference; explicitFileType = wrapper.cfbundle; includeInIndex = 0; path = WeatherAppTests.xctest; sourceTree = BUILT_PRODUCTS_DIR; };
		14D3CDFC2BFB5CCE00E700CB /* WeatherAppTests.swift */ = {isa = PBXFileReference; lastKnownFileType = sourcecode.swift; path = WeatherAppTests.swift; sourceTree = "<group>"; };
		14D3CE022BFB5CCE00E700CB /* WeatherAppUITests.xctest */ = {isa = PBXFileReference; explicitFileType = wrapper.cfbundle; includeInIndex = 0; path = WeatherAppUITests.xctest; sourceTree = BUILT_PRODUCTS_DIR; };
		14D3CE062BFB5CCE00E700CB /* WeatherAppUITests.swift */ = {isa = PBXFileReference; lastKnownFileType = sourcecode.swift; path = WeatherAppUITests.swift; sourceTree = "<group>"; };
		14D3CE082BFB5CCE00E700CB /* WeatherAppUITestsLaunchTests.swift */ = {isa = PBXFileReference; lastKnownFileType = sourcecode.swift; path = WeatherAppUITestsLaunchTests.swift; sourceTree = "<group>"; };
		14D3CE152BFB5D4700E700CB /* WeatherViewController.swift */ = {isa = PBXFileReference; fileEncoding = 4; lastKnownFileType = sourcecode.swift; path = WeatherViewController.swift; sourceTree = "<group>"; };
		14D3CE172BFB5D9500E700CB /* WeatherDayListCollectionCell.swift */ = {isa = PBXFileReference; fileEncoding = 4; lastKnownFileType = sourcecode.swift; path = WeatherDayListCollectionCell.swift; sourceTree = "<group>"; };
		14D3CE182BFB5D9500E700CB /* WeatherDayListCollectionCell.xib */ = {isa = PBXFileReference; fileEncoding = 4; lastKnownFileType = file.xib; path = WeatherDayListCollectionCell.xib; sourceTree = "<group>"; };
		14D3CE192BFB5D9500E700CB /* WeatherListCell.swift */ = {isa = PBXFileReference; fileEncoding = 4; lastKnownFileType = sourcecode.swift; path = WeatherListCell.swift; sourceTree = "<group>"; };
		14D3CE1A2BFB5D9500E700CB /* WeatherListCell.xib */ = {isa = PBXFileReference; fileEncoding = 4; lastKnownFileType = file.xib; path = WeatherListCell.xib; sourceTree = "<group>"; };
		14D3CE202BFB5E8000E700CB /* WhiteColorNoneNavigation.swift */ = {isa = PBXFileReference; fileEncoding = 4; lastKnownFileType = sourcecode.swift; path = WhiteColorNoneNavigation.swift; sourceTree = "<group>"; };
		14D3CE222BFB5F0300E700CB /* AppResources.swift */ = {isa = PBXFileReference; fileEncoding = 4; lastKnownFileType = sourcecode.swift; path = AppResources.swift; sourceTree = "<group>"; };
		14D3CE242BFB5F0B00E700CB /* nunitosans_black.TTF */ = {isa = PBXFileReference; lastKnownFileType = file; path = nunitosans_black.TTF; sourceTree = "<group>"; };
		14D3CE252BFB5F0B00E700CB /* nunitosans_bold.TTF */ = {isa = PBXFileReference; lastKnownFileType = file; path = nunitosans_bold.TTF; sourceTree = "<group>"; };
		14D3CE262BFB5F0B00E700CB /* nunitosans_extrabold.TTF */ = {isa = PBXFileReference; lastKnownFileType = file; path = nunitosans_extrabold.TTF; sourceTree = "<group>"; };
		14D3CE272BFB5F0B00E700CB /* nunitosans_regular.TTF */ = {isa = PBXFileReference; lastKnownFileType = file; path = nunitosans_regular.TTF; sourceTree = "<group>"; };
		14D3CE282BFB5F0B00E700CB /* nunitosans_semibold.TTF */ = {isa = PBXFileReference; lastKnownFileType = file; path = nunitosans_semibold.TTF; sourceTree = "<group>"; };
		14D3CE2F2BFB5F7300E700CB /* WeatherListModel.swift */ = {isa = PBXFileReference; fileEncoding = 4; lastKnownFileType = sourcecode.swift; path = WeatherListModel.swift; sourceTree = "<group>"; };
		14D3CE322BFB625000E700CB /* CommonFile.swift */ = {isa = PBXFileReference; fileEncoding = 4; lastKnownFileType = sourcecode.swift; path = CommonFile.swift; sourceTree = "<group>"; };
		14D3CE402BFB652300E700CB /* UITableViewCell.swift */ = {isa = PBXFileReference; fileEncoding = 4; lastKnownFileType = sourcecode.swift; path = UITableViewCell.swift; sourceTree = "<group>"; };
		14D3CE422BFB655A00E700CB /* UICollectionViewCell.swift */ = {isa = PBXFileReference; fileEncoding = 4; lastKnownFileType = sourcecode.swift; path = UICollectionViewCell.swift; sourceTree = "<group>"; };
		14D3CE442BFB659300E700CB /* UIImage.swift */ = {isa = PBXFileReference; fileEncoding = 4; lastKnownFileType = sourcecode.swift; path = UIImage.swift; sourceTree = "<group>"; };
		14D3CE462BFB68E000E700CB /* Constant.swift */ = {isa = PBXFileReference; fileEncoding = 4; lastKnownFileType = sourcecode.swift; path = Constant.swift; sourceTree = "<group>"; };
		14D3CE482BFB68E000E700CB /* APILogs.swift */ = {isa = PBXFileReference; fileEncoding = 4; lastKnownFileType = sourcecode.swift; path = APILogs.swift; sourceTree = "<group>"; };
		14D3CE4A2BFB68E000E700CB /* CounterManaged.swift */ = {isa = PBXFileReference; fileEncoding = 4; lastKnownFileType = sourcecode.swift; path = CounterManaged.swift; sourceTree = "<group>"; };
		14D3CE4B2BFB68E000E700CB /* DataManager.swift */ = {isa = PBXFileReference; fileEncoding = 4; lastKnownFileType = sourcecode.swift; path = DataManager.swift; sourceTree = "<group>"; };
		14D3CE4C2BFB68E000E700CB /* NetworkManager.swift */ = {isa = PBXFileReference; fileEncoding = 4; lastKnownFileType = sourcecode.swift; path = NetworkManager.swift; sourceTree = "<group>"; };
		14D3CE4D2BFB68E000E700CB /* Reachability.swift */ = {isa = PBXFileReference; fileEncoding = 4; lastKnownFileType = sourcecode.swift; path = Reachability.swift; sourceTree = "<group>"; };
		14D3CE4E2BFB68E000E700CB /* WebServices.swift */ = {isa = PBXFileReference; fileEncoding = 4; lastKnownFileType = sourcecode.swift; path = WebServices.swift; sourceTree = "<group>"; };
		14D3CE5A2BFB6AA300E700CB /* Validation.swift */ = {isa = PBXFileReference; fileEncoding = 4; lastKnownFileType = sourcecode.swift; path = Validation.swift; sourceTree = "<group>"; };
		14D950A32C00A32C00EDD4E8 /* Two-step-verificationVC.swift */ = {isa = PBXFileReference; lastKnownFileType = sourcecode.swift; path = "Two-step-verificationVC.swift"; sourceTree = "<group>"; };
		14D950A52C00AC1900EDD4E8 /* PinSetVC.swift */ = {isa = PBXFileReference; lastKnownFileType = sourcecode.swift; path = PinSetVC.swift; sourceTree = "<group>"; };
		14D950A72C00B6CC00EDD4E8 /* ConfirmPinVC.swift */ = {isa = PBXFileReference; lastKnownFileType = sourcecode.swift; path = ConfirmPinVC.swift; sourceTree = "<group>"; };
		14D950AA2C00C8EC00EDD4E8 /* AddTwoStepVerificationcodeModel.swift */ = {isa = PBXFileReference; lastKnownFileType = sourcecode.swift; path = AddTwoStepVerificationcodeModel.swift; sourceTree = "<group>"; };
		14DB818C2C05A2E8000BB7FB /* UITextField.swift */ = {isa = PBXFileReference; lastKnownFileType = sourcecode.swift; path = UITextField.swift; sourceTree = "<group>"; };
		14E1FC692C09FD38001739C3 /* StoryViewController.swift */ = {isa = PBXFileReference; fileEncoding = 4; lastKnownFileType = sourcecode.swift; path = StoryViewController.swift; sourceTree = "<group>"; };
		14E1FC6B2C09FDFA001739C3 /* StoryBar.swift */ = {isa = PBXFileReference; fileEncoding = 4; lastKnownFileType = sourcecode.swift; path = StoryBar.swift; sourceTree = "<group>"; };
		14E1FC6C2C09FDFA001739C3 /* StoryHandler.swift */ = {isa = PBXFileReference; fileEncoding = 4; lastKnownFileType = sourcecode.swift; path = StoryHandler.swift; sourceTree = "<group>"; };
		14E1FC702C09FE6B001739C3 /* OuterCell.swift */ = {isa = PBXFileReference; fileEncoding = 4; lastKnownFileType = sourcecode.swift; path = OuterCell.swift; sourceTree = "<group>"; };
		14E1FC722C09FEA5001739C3 /* InnerCell.swift */ = {isa = PBXFileReference; fileEncoding = 4; lastKnownFileType = sourcecode.swift; path = InnerCell.swift; sourceTree = "<group>"; };
		14F11F852C0EE95000F29729 /* TextStatusVC.swift */ = {isa = PBXFileReference; lastKnownFileType = sourcecode.swift; path = TextStatusVC.swift; sourceTree = "<group>"; };
		14F11F872C0F186E00F29729 /* font2.ttf */ = {isa = PBXFileReference; lastKnownFileType = file; path = font2.ttf; sourceTree = "<group>"; };
		14F11F882C0F186F00F29729 /* font6.ttf */ = {isa = PBXFileReference; lastKnownFileType = file; path = font6.ttf; sourceTree = "<group>"; };
		14F11F892C0F186F00F29729 /* font5.ttf */ = {isa = PBXFileReference; lastKnownFileType = file; path = font5.ttf; sourceTree = "<group>"; };
		14F11F8A2C0F186F00F29729 /* font1.otf */ = {isa = PBXFileReference; lastKnownFileType = file; path = font1.otf; sourceTree = "<group>"; };
		14F11F8B2C0F186F00F29729 /* font4.ttf */ = {isa = PBXFileReference; lastKnownFileType = file; path = font4.ttf; sourceTree = "<group>"; };
		14F11F8C2C0F186F00F29729 /* font7.otf */ = {isa = PBXFileReference; lastKnownFileType = file; path = font7.otf; sourceTree = "<group>"; };
		14F11F8D2C0F186F00F29729 /* font3.ttf */ = {isa = PBXFileReference; lastKnownFileType = file; path = font3.ttf; sourceTree = "<group>"; };
		73CF1AFA498B569ECB9CC7FB /* Pods-WeatherApp.release.xcconfig */ = {isa = PBXFileReference; includeInIndex = 1; lastKnownFileType = text.xcconfig; name = "Pods-WeatherApp.release.xcconfig"; path = "Target Support Files/Pods-WeatherApp/Pods-WeatherApp.release.xcconfig"; sourceTree = "<group>"; };
		7AE7CD4A886247067C92030F /* Pods-WeatherApp.debug.xcconfig */ = {isa = PBXFileReference; includeInIndex = 1; lastKnownFileType = text.xcconfig; name = "Pods-WeatherApp.debug.xcconfig"; path = "Target Support Files/Pods-WeatherApp/Pods-WeatherApp.debug.xcconfig"; sourceTree = "<group>"; };
/* End PBXFileReference section */

/* Begin PBXFrameworksBuildPhase section */
		14D3CDDF2BFB5CCD00E700CB /* Frameworks */ = {
			isa = PBXFrameworksBuildPhase;
			buildActionMask = 2147483647;
			files = (
				70D810CB3A22DB2EF280F369 /* Pods_WeatherApp.framework in Frameworks */,
				144063E62C187B3A007E9A52 /* MCEmojiPicker in Frameworks */,
			);
			runOnlyForDeploymentPostprocessing = 0;
		};
		14D3CDF52BFB5CCE00E700CB /* Frameworks */ = {
			isa = PBXFrameworksBuildPhase;
			buildActionMask = 2147483647;
			files = (
			);
			runOnlyForDeploymentPostprocessing = 0;
		};
		14D3CDFF2BFB5CCE00E700CB /* Frameworks */ = {
			isa = PBXFrameworksBuildPhase;
			buildActionMask = 2147483647;
			files = (
			);
			runOnlyForDeploymentPostprocessing = 0;
		};
/* End PBXFrameworksBuildPhase section */

/* Begin PBXGroup section */
		14392C472BFF7B8D004F8894 /* TabBarControllers */ = {
			isa = PBXGroup;
			children = (
				1488B0C42C0603B900DF7372 /* StatusVC */,
				145750E02C04A7330001E286 /* SettingsVC */,
				14392C452BFF7B8D004F8894 /* DashChatsVC.swift */,
				14392C462BFF7B8D004F8894 /* TabBarVC.swift */,
				14AFB24F2C0092CA00F0D93D /* InnerChatVC.swift */,
			);
			path = TabBarControllers;
			sourceTree = "<group>";
		};
		145750DB2C04981E0001E286 /* SettingsCells */ = {
			isa = PBXGroup;
			children = (
				145750DC2C04984B0001E286 /* SettingsTableViewCell.swift */,
				145750DD2C04984B0001E286 /* SettingsTableViewCell.xib */,
				145750E32C04AB960001E286 /* AccountTableViewCell.swift */,
				145750E42C04AB960001E286 /* AccountTableViewCell.xib */,
			);
			path = SettingsCells;
			sourceTree = "<group>";
		};
		145750E02C04A7330001E286 /* SettingsVC */ = {
			isa = PBXGroup;
			children = (
				1404D67B2C0487C4008E9CDE /* SettingsViewController.swift */,
				145750E12C04A7700001E286 /* AccountVC.swift */,
			);
			path = SettingsVC;
			sourceTree = "<group>";
		};
		1463100B2C00C1BA0034896A /* AttachmentCells */ = {
			isa = PBXGroup;
			children = (
				1463100C2C00C1DD0034896A /* AttachmentCLvCell.swift */,
				1463100D2C00C1DD0034896A /* AttachmentCLvCell.xib */,
			);
			path = AttachmentCells;
			sourceTree = "<group>";
		};
		147DA4672C18184E00D616E7 /* WeatherAppControllers */ = {
			isa = PBXGroup;
			children = (
				14D3CE152BFB5D4700E700CB /* WeatherViewController.swift */,
				1417D8A72BFDB99500D77EB6 /* WelcomeToTheWeatherAppVC.swift */,
				1417D8A92BFDEBA900D77EB6 /* VerifyNumberVC.swift */,
				14B3742D2C006D6500AC949B /* ProfileVC.swift */,
				14D950A32C00A32C00EDD4E8 /* Two-step-verificationVC.swift */,
				14D950A52C00AC1900EDD4E8 /* PinSetVC.swift */,
				14D950A72C00B6CC00EDD4E8 /* ConfirmPinVC.swift */,
			);
			path = WeatherAppControllers;
			sourceTree = "<group>";
		};
		147DA4722C181E7900D616E7 /* ChatDetails */ = {
			isa = PBXGroup;
			children = (
				147DA46E2C181E7900D616E7 /* LeftViewCell.swift */,
				147DA46F2C181E7900D616E7 /* LeftViewCell.xib */,
				147DA4702C181E7900D616E7 /* RightViewCell.swift */,
				147DA4712C181E7900D616E7 /* RightViewCell.xib */,
			);
			path = ChatDetails;
			sourceTree = "<group>";
		};
		1488B0C42C0603B900DF7372 /* StatusVC */ = {
			isa = PBXGroup;
			children = (
				14E1FC6D2C09FDFA001739C3 /* Model */,
				14E1FC692C09FD38001739C3 /* StoryViewController.swift */,
				1423389A2C05D72500328AB1 /* StatusVC.swift */,
				1488B0C52C0603E700DF7372 /* StatusStoryVC.swift */,
				14F11F852C0EE95000F29729 /* TextStatusVC.swift */,
			);
			path = StatusVC;
			sourceTree = "<group>";
		};
		14939D592C072680001E6A44 /* SotryCells */ = {
			isa = PBXGroup;
			children = (
				14E1FC722C09FEA5001739C3 /* InnerCell.swift */,
				14E1FC702C09FE6B001739C3 /* OuterCell.swift */,
				14939D5A2C07269F001E6A44 /* StoryTableViewCell.swift */,
				14939D5B2C07269F001E6A44 /* StoryTableViewCell.xib */,
			);
			path = SotryCells;
			sourceTree = "<group>";
		};
		14A3E29C2C00555400417919 /* OptionHeaderCell */ = {
			isa = PBXGroup;
			children = (
				14A3E29D2C00557900417919 /* optionHeaderTblvCell.swift */,
				14A3E29E2C00557900417919 /* optionHeaderTblvCell.xib */,
			);
			path = OptionHeaderCell;
			sourceTree = "<group>";
		};
		14AF4BAF2BFC6D750042CB95 /* PopUPControllers */ = {
			isa = PBXGroup;
			children = (
				14AF4BB02BFC6DA00042CB95 /* CitysPopUPVC.swift */,
				14392C432BFF6A41004F8894 /* Two-step-verificationPopUpVC.swift */,
			);
			path = PopUPControllers;
			sourceTree = "<group>";
		};
		14AF4BB22BFC71F70042CB95 /* HelperFiles */ = {
			isa = PBXGroup;
			children = (
				14AF4BB32BFC72540042CB95 /* UIViewControllerExtented.swift */,
				14AF4BE22BFCC1B60042CB95 /* Singleton.swift */,
			);
			path = HelperFiles;
			sourceTree = "<group>";
		};
		14AF4BBC2BFC80510042CB95 /* CitysCell */ = {
			isa = PBXGroup;
			children = (
				14AF4BBD2BFC80940042CB95 /* CitysCollectionViewCell.swift */,
				14AF4BBE2BFC80940042CB95 /* CitysCollectionViewCell.xib */,
			);
			path = CitysCell;
			sourceTree = "<group>";
		};
		14AFB2482C0073B900F0D93D /* ChatsCells */ = {
			isa = PBXGroup;
			children = (
				14AFB2492C0073D200F0D93D /* ChatsTBlvCell.swift */,
				14AFB24A2C0073D200F0D93D /* ChatsTBlvCell.xib */,
				14BD6B552C05DD4200D76C36 /* InnerChatTblvCell.swift */,
				14BD6B562C05DD4200D76C36 /* InnerChatTblvCell.xib */,
			);
			path = ChatsCells;
			sourceTree = "<group>";
		};
		14BD6B522C05D18800D76C36 /* CommonConverters */ = {
			isa = PBXGroup;
			children = (
				14BD6B532C05D1A100D76C36 /* TimeConverter.swift */,
			);
			path = CommonConverters;
			sourceTree = "<group>";
		};
		14D3CDD92BFB5CCD00E700CB = {
			isa = PBXGroup;
			children = (
				14D3CDE42BFB5CCD00E700CB /* WeatherApp */,
				14D3CDFB2BFB5CCE00E700CB /* WeatherAppTests */,
				14D3CE052BFB5CCE00E700CB /* WeatherAppUITests */,
				14D3CDE32BFB5CCD00E700CB /* Products */,
				627E93590F24FDFFD49C77C5 /* Pods */,
				E6AA85159FE1DAF37DBAB1F4 /* Frameworks */,
			);
			sourceTree = "<group>";
		};
		14D3CDE32BFB5CCD00E700CB /* Products */ = {
			isa = PBXGroup;
			children = (
				14D3CDE22BFB5CCD00E700CB /* WeatherApp.app */,
				14D3CDF82BFB5CCE00E700CB /* WeatherAppTests.xctest */,
				14D3CE022BFB5CCE00E700CB /* WeatherAppUITests.xctest */,
			);
			name = Products;
			sourceTree = "<group>";
		};
		14D3CDE42BFB5CCD00E700CB /* WeatherApp */ = {
			isa = PBXGroup;
			children = (
				14BD6B522C05D18800D76C36 /* CommonConverters */,
				14AF4BB22BFC71F70042CB95 /* HelperFiles */,
				14D3CE5C2BFB791300E700CB /* XIB */,
				14D3CE582BFB6A8200E700CB /* Validation */,
				14D3CE472BFB68E000E700CB /* Constant */,
				14D3CE4F2BFB68E000E700CB /* WebServiceManager */,
				14D3CE3C2BFB634B00E700CB /* Resources */,
				14D3CE3B2BFB631B00E700CB /* AppResources */,
				14D3CE3A2BFB62FB00E700CB /* CustomClasses */,
				14D3CE392BFB62E500E700CB /* Controller */,
				14D3CE382BFB62DA00E700CB /* Assets */,
				14D3CE372BFB62BD00E700CB /* StoryBoard */,
				14D3CE362BFB62B300E700CB /* Model */,
				14D3CE312BFB621300E700CB /* extension */,
				14D3CDF32BFB5CCE00E700CB /* Info.plist */,
				14036C9B2C0DA0CC00CA5BFC /* GoogleService-Info.plist */,
			);
			path = WeatherApp;
			sourceTree = "<group>";
		};
		14D3CDFB2BFB5CCE00E700CB /* WeatherAppTests */ = {
			isa = PBXGroup;
			children = (
				14D3CDFC2BFB5CCE00E700CB /* WeatherAppTests.swift */,
			);
			path = WeatherAppTests;
			sourceTree = "<group>";
		};
		14D3CE052BFB5CCE00E700CB /* WeatherAppUITests */ = {
			isa = PBXGroup;
			children = (
				14D3CE062BFB5CCE00E700CB /* WeatherAppUITests.swift */,
				14D3CE082BFB5CCE00E700CB /* WeatherAppUITestsLaunchTests.swift */,
			);
			path = WeatherAppUITests;
			sourceTree = "<group>";
		};
		14D3CE1B2BFB5D9500E700CB /* WeatherCell */ = {
			isa = PBXGroup;
			children = (
				14D3CE172BFB5D9500E700CB /* WeatherDayListCollectionCell.swift */,
				14D3CE182BFB5D9500E700CB /* WeatherDayListCollectionCell.xib */,
				14D3CE192BFB5D9500E700CB /* WeatherListCell.swift */,
				14D3CE1A2BFB5D9500E700CB /* WeatherListCell.xib */,
			);
			path = WeatherCell;
			sourceTree = "<group>";
		};
		14D3CE292BFB5F0B00E700CB /* Font */ = {
			isa = PBXGroup;
			children = (
				14AF4BB72BFC7A500042CB95 /* helvetica_bold.ttf */,
				14AF4BBB2BFC7A510042CB95 /* helvetica_medium.ttf */,
				14AF4BB82BFC7A510042CB95 /* helvetica_regular.ttf */,
				14AF4BBA2BFC7A510042CB95 /* helvetica_semibold.ttf */,
				14D3CE242BFB5F0B00E700CB /* nunitosans_black.TTF */,
				14D3CE252BFB5F0B00E700CB /* nunitosans_bold.TTF */,
				14D3CE262BFB5F0B00E700CB /* nunitosans_extrabold.TTF */,
				14D3CE272BFB5F0B00E700CB /* nunitosans_regular.TTF */,
				14D3CE282BFB5F0B00E700CB /* nunitosans_semibold.TTF */,
				14F11F8A2C0F186F00F29729 /* font1.otf */,
				14F11F872C0F186E00F29729 /* font2.ttf */,
				14F11F8D2C0F186F00F29729 /* font3.ttf */,
				14F11F8B2C0F186F00F29729 /* font4.ttf */,
				14F11F892C0F186F00F29729 /* font5.ttf */,
				14F11F882C0F186F00F29729 /* font6.ttf */,
				14F11F8C2C0F186F00F29729 /* font7.otf */,
			);
			path = Font;
			sourceTree = "<group>";
		};
		14D3CE312BFB621300E700CB /* extension */ = {
			isa = PBXGroup;
			children = (
				14D3CE442BFB659300E700CB /* UIImage.swift */,
				14D3CE422BFB655A00E700CB /* UICollectionViewCell.swift */,
				14D3CE402BFB652300E700CB /* UITableViewCell.swift */,
				14D3CE322BFB625000E700CB /* CommonFile.swift */,
				14A3E2A12C00578500417919 /* UIView.swift */,
				14DB818C2C05A2E8000BB7FB /* UITextField.swift */,
			);
			path = extension;
			sourceTree = "<group>";
		};
		14D3CE362BFB62B300E700CB /* Model */ = {
			isa = PBXGroup;
			children = (
				147DA46C2C181E1500D616E7 /* MessageStore.swift */,
				147DA46A2C181D7600D616E7 /* Message.swift */,
				14D3CE2F2BFB5F7300E700CB /* WeatherListModel.swift */,
				14392C3F2BFF4256004F8894 /* RegisterModel.swift */,
				14392C412BFF5D03004F8894 /* VerifyOTPModel.swift */,
				147366262C0092D700419797 /* EditProfileModel.swift */,
				14D950AA2C00C8EC00EDD4E8 /* AddTwoStepVerificationcodeModel.swift */,
				1404D6792C0458AB008E9CDE /* CheckTwoFactorModel.swift */,
				145750E72C04B4AA0001E286 /* LogOutModel.swift */,
				14BD6B502C05AF0F00D76C36 /* LiveChatModel.swift */,
				14939D572C07230D001E6A44 /* StoryListModel.swift */,
				140B20DC2C08517200BDCFAC /* addStoryModel.swift */,
				147DA4772C1846AA00D616E7 /* ChatModel.swift */,
			);
			path = Model;
			sourceTree = "<group>";
		};
		14D3CE372BFB62BD00E700CB /* StoryBoard */ = {
			isa = PBXGroup;
			children = (
				14392C4A2BFF7BE2004F8894 /* DashBoard.storyboard */,
				14D3CDEB2BFB5CCD00E700CB /* Main.storyboard */,
				14D3CDF02BFB5CCE00E700CB /* LaunchScreen.storyboard */,
				14AF4BAD2BFC6B790042CB95 /* PopUp.storyboard */,
			);
			path = StoryBoard;
			sourceTree = "<group>";
		};
		14D3CE382BFB62DA00E700CB /* Assets */ = {
			isa = PBXGroup;
			children = (
				14D3CDEE2BFB5CCE00E700CB /* Assets.xcassets */,
			);
			path = Assets;
			sourceTree = "<group>";
		};
		14D3CE392BFB62E500E700CB /* Controller */ = {
			isa = PBXGroup;
			children = (
				147DA4672C18184E00D616E7 /* WeatherAppControllers */,
				14392C472BFF7B8D004F8894 /* TabBarControllers */,
				14AF4BAF2BFC6D750042CB95 /* PopUPControllers */,
			);
			path = Controller;
			sourceTree = "<group>";
		};
		14D3CE3A2BFB62FB00E700CB /* CustomClasses */ = {
			isa = PBXGroup;
			children = (
				147366242C008B9B00419797 /* SaveLocalData.swift */,
				14D3CE202BFB5E8000E700CB /* WhiteColorNoneNavigation.swift */,
			);
			path = CustomClasses;
			sourceTree = "<group>";
		};
		14D3CE3B2BFB631B00E700CB /* AppResources */ = {
			isa = PBXGroup;
			children = (
				14D3CDE52BFB5CCD00E700CB /* AppDelegate.swift */,
				14D3CDE72BFB5CCD00E700CB /* SceneDelegate.swift */,
			);
			path = AppResources;
			sourceTree = "<group>";
		};
		14D3CE3C2BFB634B00E700CB /* Resources */ = {
			isa = PBXGroup;
			children = (
				14AF4BB52BFC72EC0042CB95 /* UIColores.swift */,
				14D3CE292BFB5F0B00E700CB /* Font */,
				14D3CE222BFB5F0300E700CB /* AppResources.swift */,
			);
			path = Resources;
			sourceTree = "<group>";
		};
		14D3CE472BFB68E000E700CB /* Constant */ = {
			isa = PBXGroup;
			children = (
				14D3CE462BFB68E000E700CB /* Constant.swift */,
			);
			path = Constant;
			sourceTree = "<group>";
		};
		14D3CE4F2BFB68E000E700CB /* WebServiceManager */ = {
			isa = PBXGroup;
			children = (
				14D3CE482BFB68E000E700CB /* APILogs.swift */,
				14D3CE4A2BFB68E000E700CB /* CounterManaged.swift */,
				14D3CE4B2BFB68E000E700CB /* DataManager.swift */,
				14D3CE4C2BFB68E000E700CB /* NetworkManager.swift */,
				14D3CE4D2BFB68E000E700CB /* Reachability.swift */,
				14D3CE4E2BFB68E000E700CB /* WebServices.swift */,
			);
			path = WebServiceManager;
			sourceTree = "<group>";
		};
		14D3CE582BFB6A8200E700CB /* Validation */ = {
			isa = PBXGroup;
			children = (
				14D3CE5A2BFB6AA300E700CB /* Validation.swift */,
			);
			path = Validation;
			sourceTree = "<group>";
		};
		14D3CE5C2BFB791300E700CB /* XIB */ = {
			isa = PBXGroup;
			children = (
				147DA4722C181E7900D616E7 /* ChatDetails */,
				14939D592C072680001E6A44 /* SotryCells */,
				145750DB2C04981E0001E286 /* SettingsCells */,
				1463100B2C00C1BA0034896A /* AttachmentCells */,
				14AFB2482C0073B900F0D93D /* ChatsCells */,
				14A3E29C2C00555400417919 /* OptionHeaderCell */,
				14AF4BBC2BFC80510042CB95 /* CitysCell */,
				14D3CE1B2BFB5D9500E700CB /* WeatherCell */,
			);
			path = XIB;
			sourceTree = "<group>";
		};
		14E1FC6D2C09FDFA001739C3 /* Model */ = {
			isa = PBXGroup;
			children = (
				14E1FC6B2C09FDFA001739C3 /* StoryBar.swift */,
				14E1FC6C2C09FDFA001739C3 /* StoryHandler.swift */,
			);
			path = Model;
			sourceTree = "<group>";
		};
		627E93590F24FDFFD49C77C5 /* Pods */ = {
			isa = PBXGroup;
			children = (
				7AE7CD4A886247067C92030F /* Pods-WeatherApp.debug.xcconfig */,
				73CF1AFA498B569ECB9CC7FB /* Pods-WeatherApp.release.xcconfig */,
			);
			path = Pods;
			sourceTree = "<group>";
		};
		E6AA85159FE1DAF37DBAB1F4 /* Frameworks */ = {
			isa = PBXGroup;
			children = (
				0B4D3880110DF7A00E159173 /* Pods_WeatherApp.framework */,
			);
			name = Frameworks;
			sourceTree = "<group>";
		};
/* End PBXGroup section */

/* Begin PBXNativeTarget section */
		14D3CDE12BFB5CCD00E700CB /* WeatherApp */ = {
			isa = PBXNativeTarget;
			buildConfigurationList = 14D3CE0C2BFB5CCE00E700CB /* Build configuration list for PBXNativeTarget "WeatherApp" */;
			buildPhases = (
				B3B9F7848A861079CE924914 /* [CP] Check Pods Manifest.lock */,
				14D3CDDE2BFB5CCD00E700CB /* Sources */,
				14D3CDDF2BFB5CCD00E700CB /* Frameworks */,
				14D3CDE02BFB5CCD00E700CB /* Resources */,
				394809E503EB4BB7C430AC77 /* [CP] Embed Pods Frameworks */,
			);
			buildRules = (
			);
			dependencies = (
			);
			name = WeatherApp;
			packageProductDependencies = (
				144063E52C187B3A007E9A52 /* MCEmojiPicker */,
			);
			productName = WeatherApp;
			productReference = 14D3CDE22BFB5CCD00E700CB /* WeatherApp.app */;
			productType = "com.apple.product-type.application";
		};
		14D3CDF72BFB5CCE00E700CB /* WeatherAppTests */ = {
			isa = PBXNativeTarget;
			buildConfigurationList = 14D3CE0F2BFB5CCE00E700CB /* Build configuration list for PBXNativeTarget "WeatherAppTests" */;
			buildPhases = (
				14D3CDF42BFB5CCE00E700CB /* Sources */,
				14D3CDF52BFB5CCE00E700CB /* Frameworks */,
				14D3CDF62BFB5CCE00E700CB /* Resources */,
			);
			buildRules = (
			);
			dependencies = (
				14D3CDFA2BFB5CCE00E700CB /* PBXTargetDependency */,
			);
			name = WeatherAppTests;
			productName = WeatherAppTests;
			productReference = 14D3CDF82BFB5CCE00E700CB /* WeatherAppTests.xctest */;
			productType = "com.apple.product-type.bundle.unit-test";
		};
		14D3CE012BFB5CCE00E700CB /* WeatherAppUITests */ = {
			isa = PBXNativeTarget;
			buildConfigurationList = 14D3CE122BFB5CCE00E700CB /* Build configuration list for PBXNativeTarget "WeatherAppUITests" */;
			buildPhases = (
				14D3CDFE2BFB5CCE00E700CB /* Sources */,
				14D3CDFF2BFB5CCE00E700CB /* Frameworks */,
				14D3CE002BFB5CCE00E700CB /* Resources */,
			);
			buildRules = (
			);
			dependencies = (
				14D3CE042BFB5CCE00E700CB /* PBXTargetDependency */,
			);
			name = WeatherAppUITests;
			productName = WeatherAppUITests;
			productReference = 14D3CE022BFB5CCE00E700CB /* WeatherAppUITests.xctest */;
			productType = "com.apple.product-type.bundle.ui-testing";
		};
/* End PBXNativeTarget section */

/* Begin PBXProject section */
		14D3CDDA2BFB5CCD00E700CB /* Project object */ = {
			isa = PBXProject;
			attributes = {
				BuildIndependentTargetsInParallel = 1;
				LastSwiftUpdateCheck = 1530;
				LastUpgradeCheck = 1530;
				TargetAttributes = {
					14D3CDE12BFB5CCD00E700CB = {
						CreatedOnToolsVersion = 15.3;
					};
					14D3CDF72BFB5CCE00E700CB = {
						CreatedOnToolsVersion = 15.3;
						TestTargetID = 14D3CDE12BFB5CCD00E700CB;
					};
					14D3CE012BFB5CCE00E700CB = {
						CreatedOnToolsVersion = 15.3;
						TestTargetID = 14D3CDE12BFB5CCD00E700CB;
					};
				};
			};
			buildConfigurationList = 14D3CDDD2BFB5CCD00E700CB /* Build configuration list for PBXProject "WeatherApp" */;
			compatibilityVersion = "Xcode 14.0";
			developmentRegion = en;
			hasScannedForEncodings = 0;
			knownRegions = (
				en,
				Base,
			);
			mainGroup = 14D3CDD92BFB5CCD00E700CB;
			packageReferences = (
				14939D562C06ED39001E6A44 /* XCRemoteSwiftPackageReference "firebase-ios-sdk" */,
				144063E12C187823007E9A52 /* XCRemoteSwiftPackageReference "MCEmojiPicker" */,
			);
			productRefGroup = 14D3CDE32BFB5CCD00E700CB /* Products */;
			projectDirPath = "";
			projectRoot = "";
			targets = (
				14D3CDE12BFB5CCD00E700CB /* WeatherApp */,
				14D3CDF72BFB5CCE00E700CB /* WeatherAppTests */,
				14D3CE012BFB5CCE00E700CB /* WeatherAppUITests */,
			);
		};
/* End PBXProject section */

/* Begin PBXResourcesBuildPhase section */
		14D3CDE02BFB5CCD00E700CB /* Resources */ = {
			isa = PBXResourcesBuildPhase;
			buildActionMask = 2147483647;
			files = (
				145750E52C04AB960001E286 /* AccountTableViewCell.xib in Resources */,
				14939D5D2C0726A0001E6A44 /* StoryTableViewCell.xib in Resources */,
				147DA4742C181E7900D616E7 /* LeftViewCell.xib in Resources */,
				14F11F8F2C0F186F00F29729 /* font6.ttf in Resources */,
				14AFB24B2C0073D200F0D93D /* ChatsTBlvCell.xib in Resources */,
				14D3CE2A2BFB5F0C00E700CB /* nunitosans_black.TTF in Resources */,
				14D3CDEF2BFB5CCE00E700CB /* Assets.xcassets in Resources */,
				14D3CE2C2BFB5F0C00E700CB /* nunitosans_extrabold.TTF in Resources */,
				14D3CDF22BFB5CCE00E700CB /* Base in Resources */,
				14F11F922C0F186F00F29729 /* font4.ttf in Resources */,
				14D3CE1F2BFB5D9500E700CB /* WeatherListCell.xib in Resources */,
				14F11F902C0F186F00F29729 /* font5.ttf in Resources */,
				14A3E29F2C00557900417919 /* optionHeaderTblvCell.xib in Resources */,
				14D3CE2E2BFB5F0C00E700CB /* nunitosans_semibold.TTF in Resources */,
				14D3CE1D2BFB5D9500E700CB /* WeatherDayListCollectionCell.xib in Resources */,
				14BD6B572C05DD4200D76C36 /* InnerChatTblvCell.xib in Resources */,
				14AF4BC02BFC80940042CB95 /* CitysCollectionViewCell.xib in Resources */,
				1463100F2C00C1DD0034896A /* AttachmentCLvCell.xib in Resources */,
				14F11F8E2C0F186F00F29729 /* font2.ttf in Resources */,
				145750DE2C04984B0001E286 /* SettingsTableViewCell.xib in Resources */,
				14F11F942C0F186F00F29729 /* font3.ttf in Resources */,
				14D3CE2B2BFB5F0C00E700CB /* nunitosans_bold.TTF in Resources */,
				14AF4BAE2BFC6B790042CB95 /* PopUp.storyboard in Resources */,
				147DA4762C181E7900D616E7 /* RightViewCell.xib in Resources */,
				14F11F932C0F186F00F29729 /* font7.otf in Resources */,
				14D3CE2D2BFB5F0C00E700CB /* nunitosans_regular.TTF in Resources */,
				14392C4B2BFF7BE2004F8894 /* DashBoard.storyboard in Resources */,
				14D3CDED2BFB5CCD00E700CB /* Base in Resources */,
				14036C9C2C0DA0CC00CA5BFC /* GoogleService-Info.plist in Resources */,
				14F11F912C0F186F00F29729 /* font1.otf in Resources */,
			);
			runOnlyForDeploymentPostprocessing = 0;
		};
		14D3CDF62BFB5CCE00E700CB /* Resources */ = {
			isa = PBXResourcesBuildPhase;
			buildActionMask = 2147483647;
			files = (
			);
			runOnlyForDeploymentPostprocessing = 0;
		};
		14D3CE002BFB5CCE00E700CB /* Resources */ = {
			isa = PBXResourcesBuildPhase;
			buildActionMask = 2147483647;
			files = (
			);
			runOnlyForDeploymentPostprocessing = 0;
		};
/* End PBXResourcesBuildPhase section */

/* Begin PBXShellScriptBuildPhase section */
		394809E503EB4BB7C430AC77 /* [CP] Embed Pods Frameworks */ = {
			isa = PBXShellScriptBuildPhase;
			buildActionMask = 2147483647;
			files = (
			);
			inputFileListPaths = (
				"${PODS_ROOT}/Target Support Files/Pods-WeatherApp/Pods-WeatherApp-frameworks-${CONFIGURATION}-input-files.xcfilelist",
			);
			name = "[CP] Embed Pods Frameworks";
			outputFileListPaths = (
				"${PODS_ROOT}/Target Support Files/Pods-WeatherApp/Pods-WeatherApp-frameworks-${CONFIGURATION}-output-files.xcfilelist",
			);
			runOnlyForDeploymentPostprocessing = 0;
			shellPath = /bin/sh;
			shellScript = "\"${PODS_ROOT}/Target Support Files/Pods-WeatherApp/Pods-WeatherApp-frameworks.sh\"\n";
			showEnvVarsInLog = 0;
		};
		B3B9F7848A861079CE924914 /* [CP] Check Pods Manifest.lock */ = {
			isa = PBXShellScriptBuildPhase;
			buildActionMask = 2147483647;
			files = (
			);
			inputFileListPaths = (
			);
			inputPaths = (
				"${PODS_PODFILE_DIR_PATH}/Podfile.lock",
				"${PODS_ROOT}/Manifest.lock",
			);
			name = "[CP] Check Pods Manifest.lock";
			outputFileListPaths = (
			);
			outputPaths = (
				"$(DERIVED_FILE_DIR)/Pods-WeatherApp-checkManifestLockResult.txt",
			);
			runOnlyForDeploymentPostprocessing = 0;
			shellPath = /bin/sh;
			shellScript = "diff \"${PODS_PODFILE_DIR_PATH}/Podfile.lock\" \"${PODS_ROOT}/Manifest.lock\" > /dev/null\nif [ $? != 0 ] ; then\n    # print error to STDERR\n    echo \"error: The sandbox is not in sync with the Podfile.lock. Run 'pod install' or update your CocoaPods installation.\" >&2\n    exit 1\nfi\n# This output is used by Xcode 'outputs' to avoid re-running this script phase.\necho \"SUCCESS\" > \"${SCRIPT_OUTPUT_FILE_0}\"\n";
			showEnvVarsInLog = 0;
		};
/* End PBXShellScriptBuildPhase section */

/* Begin PBXSourcesBuildPhase section */
		14D3CDDE2BFB5CCD00E700CB /* Sources */ = {
			isa = PBXSourcesBuildPhase;
			buildActionMask = 2147483647;
			files = (
				14E1FC6A2C09FD38001739C3 /* StoryViewController.swift in Sources */,
				14D3CE212BFB5E8000E700CB /* WhiteColorNoneNavigation.swift in Sources */,
				14AF4BB12BFC6DA00042CB95 /* CitysPopUPVC.swift in Sources */,
				147366252C008B9B00419797 /* SaveLocalData.swift in Sources */,
				147DA4732C181E7900D616E7 /* LeftViewCell.swift in Sources */,
				14BD6B512C05AF0F00D76C36 /* LiveChatModel.swift in Sources */,
				14D950A62C00AC1900EDD4E8 /* PinSetVC.swift in Sources */,
				14D3CE542BFB68E000E700CB /* DataManager.swift in Sources */,
				14AF4BBF2BFC80940042CB95 /* CitysCollectionViewCell.swift in Sources */,
				14AF4BB42BFC72540042CB95 /* UIViewControllerExtented.swift in Sources */,
				14D3CE232BFB5F0300E700CB /* AppResources.swift in Sources */,
				14939D5C2C07269F001E6A44 /* StoryTableViewCell.swift in Sources */,
				145750DF2C04984B0001E286 /* SettingsTableViewCell.swift in Sources */,
				14D3CE532BFB68E000E700CB /* CounterManaged.swift in Sources */,
				1423389B2C05D72500328AB1 /* StatusVC.swift in Sources */,
				1488B0C62C0603E700DF7372 /* StatusStoryVC.swift in Sources */,
				14D3CE332BFB625000E700CB /* CommonFile.swift in Sources */,
				14E1FC712C09FE6B001739C3 /* OuterCell.swift in Sources */,
				14392C402BFF4256004F8894 /* RegisterModel.swift in Sources */,
				147366272C0092D700419797 /* EditProfileModel.swift in Sources */,
				14939D582C07230D001E6A44 /* StoryListModel.swift in Sources */,
				14D3CE1E2BFB5D9500E700CB /* WeatherListCell.swift in Sources */,
				14D950AB2C00C8EC00EDD4E8 /* AddTwoStepVerificationcodeModel.swift in Sources */,
				14AF4BB62BFC72EC0042CB95 /* UIColores.swift in Sources */,
				147DA46D2C181E1500D616E7 /* MessageStore.swift in Sources */,
				1404D67C2C0487C4008E9CDE /* SettingsViewController.swift in Sources */,
				14D3CE572BFB68E000E700CB /* WebServices.swift in Sources */,
				14392C422BFF5D03004F8894 /* VerifyOTPModel.swift in Sources */,
				14392C482BFF7B8D004F8894 /* DashChatsVC.swift in Sources */,
				147DA4752C181E7900D616E7 /* RightViewCell.swift in Sources */,
				14E1FC6E2C09FDFA001739C3 /* StoryBar.swift in Sources */,
				14392C492BFF7B8D004F8894 /* TabBarVC.swift in Sources */,
				14D3CE162BFB5D4700E700CB /* WeatherViewController.swift in Sources */,
				14AFB2502C0092CA00F0D93D /* InnerChatVC.swift in Sources */,
				14D3CE412BFB652300E700CB /* UITableViewCell.swift in Sources */,
				14D3CE432BFB655A00E700CB /* UICollectionViewCell.swift in Sources */,
				14E1FC6F2C09FDFA001739C3 /* StoryHandler.swift in Sources */,
				14A3E2A02C00557900417919 /* optionHeaderTblvCell.swift in Sources */,
				14D3CE302BFB5F7300E700CB /* WeatherListModel.swift in Sources */,
				14D3CE552BFB68E000E700CB /* NetworkManager.swift in Sources */,
				14D3CE1C2BFB5D9500E700CB /* WeatherDayListCollectionCell.swift in Sources */,
				14E1FC732C09FEA5001739C3 /* InnerCell.swift in Sources */,
				14D3CE502BFB68E000E700CB /* Constant.swift in Sources */,
				14D3CE452BFB659300E700CB /* UIImage.swift in Sources */,
				14BD6B582C05DD4200D76C36 /* InnerChatTblvCell.swift in Sources */,
				147DA4782C1846AA00D616E7 /* ChatModel.swift in Sources */,
				14D3CE562BFB68E000E700CB /* Reachability.swift in Sources */,
				14DB818D2C05A2E8000BB7FB /* UITextField.swift in Sources */,
				14BD6B542C05D1A100D76C36 /* TimeConverter.swift in Sources */,
				145750E62C04AB960001E286 /* AccountTableViewCell.swift in Sources */,
				14F11F862C0EE95000F29729 /* TextStatusVC.swift in Sources */,
				145750E22C04A7700001E286 /* AccountVC.swift in Sources */,
				14AFB24C2C0073D200F0D93D /* ChatsTBlvCell.swift in Sources */,
				140B20DD2C08517200BDCFAC /* addStoryModel.swift in Sources */,
				14D3CE512BFB68E000E700CB /* APILogs.swift in Sources */,
				1404D67A2C0458AB008E9CDE /* CheckTwoFactorModel.swift in Sources */,
				14D3CDE62BFB5CCD00E700CB /* AppDelegate.swift in Sources */,
				147DA46B2C181D7600D616E7 /* Message.swift in Sources */,
				14D3CE5B2BFB6AA300E700CB /* Validation.swift in Sources */,
				1463100E2C00C1DD0034896A /* AttachmentCLvCell.swift in Sources */,
				1417D8A82BFDB99500D77EB6 /* WelcomeToTheWeatherAppVC.swift in Sources */,
				1417D8AA2BFDEBA900D77EB6 /* VerifyNumberVC.swift in Sources */,
				14B3742E2C006D6500AC949B /* ProfileVC.swift in Sources */,
				145750E82C04B4AA0001E286 /* LogOutModel.swift in Sources */,
				14A3E2A22C00578500417919 /* UIView.swift in Sources */,
				14D950A82C00B6CC00EDD4E8 /* ConfirmPinVC.swift in Sources */,
				14D950A42C00A32C00EDD4E8 /* Two-step-verificationVC.swift in Sources */,
				14AF4BE32BFCC1B60042CB95 /* Singleton.swift in Sources */,
				14D3CDE82BFB5CCD00E700CB /* SceneDelegate.swift in Sources */,
				14392C442BFF6A41004F8894 /* Two-step-verificationPopUpVC.swift in Sources */,
			);
			runOnlyForDeploymentPostprocessing = 0;
		};
		14D3CDF42BFB5CCE00E700CB /* Sources */ = {
			isa = PBXSourcesBuildPhase;
			buildActionMask = 2147483647;
			files = (
				14D3CDFD2BFB5CCE00E700CB /* WeatherAppTests.swift in Sources */,
			);
			runOnlyForDeploymentPostprocessing = 0;
		};
		14D3CDFE2BFB5CCE00E700CB /* Sources */ = {
			isa = PBXSourcesBuildPhase;
			buildActionMask = 2147483647;
			files = (
				14D3CE072BFB5CCE00E700CB /* WeatherAppUITests.swift in Sources */,
				14D3CE092BFB5CCE00E700CB /* WeatherAppUITestsLaunchTests.swift in Sources */,
			);
			runOnlyForDeploymentPostprocessing = 0;
		};
/* End PBXSourcesBuildPhase section */

/* Begin PBXTargetDependency section */
		14D3CDFA2BFB5CCE00E700CB /* PBXTargetDependency */ = {
			isa = PBXTargetDependency;
			target = 14D3CDE12BFB5CCD00E700CB /* WeatherApp */;
			targetProxy = 14D3CDF92BFB5CCE00E700CB /* PBXContainerItemProxy */;
		};
		14D3CE042BFB5CCE00E700CB /* PBXTargetDependency */ = {
			isa = PBXTargetDependency;
			target = 14D3CDE12BFB5CCD00E700CB /* WeatherApp */;
			targetProxy = 14D3CE032BFB5CCE00E700CB /* PBXContainerItemProxy */;
		};
/* End PBXTargetDependency section */

/* Begin PBXVariantGroup section */
		14D3CDEB2BFB5CCD00E700CB /* Main.storyboard */ = {
			isa = PBXVariantGroup;
			children = (
				14D3CDEC2BFB5CCD00E700CB /* Base */,
			);
			name = Main.storyboard;
			sourceTree = "<group>";
		};
		14D3CDF02BFB5CCE00E700CB /* LaunchScreen.storyboard */ = {
			isa = PBXVariantGroup;
			children = (
				14D3CDF12BFB5CCE00E700CB /* Base */,
			);
			name = LaunchScreen.storyboard;
			sourceTree = "<group>";
		};
/* End PBXVariantGroup section */

/* Begin XCBuildConfiguration section */
		14D3CE0A2BFB5CCE00E700CB /* Debug */ = {
			isa = XCBuildConfiguration;
			buildSettings = {
				ALWAYS_SEARCH_USER_PATHS = NO;
				ASSETCATALOG_COMPILER_GENERATE_SWIFT_ASSET_SYMBOL_EXTENSIONS = YES;
				CLANG_ANALYZER_NONNULL = YES;
				CLANG_ANALYZER_NUMBER_OBJECT_CONVERSION = YES_AGGRESSIVE;
				CLANG_CXX_LANGUAGE_STANDARD = "gnu++20";
				CLANG_ENABLE_MODULES = YES;
				CLANG_ENABLE_OBJC_ARC = YES;
				CLANG_ENABLE_OBJC_WEAK = YES;
				CLANG_WARN_BLOCK_CAPTURE_AUTORELEASING = YES;
				CLANG_WARN_BOOL_CONVERSION = YES;
				CLANG_WARN_COMMA = YES;
				CLANG_WARN_CONSTANT_CONVERSION = YES;
				CLANG_WARN_DEPRECATED_OBJC_IMPLEMENTATIONS = YES;
				CLANG_WARN_DIRECT_OBJC_ISA_USAGE = YES_ERROR;
				CLANG_WARN_DOCUMENTATION_COMMENTS = YES;
				CLANG_WARN_EMPTY_BODY = YES;
				CLANG_WARN_ENUM_CONVERSION = YES;
				CLANG_WARN_INFINITE_RECURSION = YES;
				CLANG_WARN_INT_CONVERSION = YES;
				CLANG_WARN_NON_LITERAL_NULL_CONVERSION = YES;
				CLANG_WARN_OBJC_IMPLICIT_RETAIN_SELF = YES;
				CLANG_WARN_OBJC_LITERAL_CONVERSION = YES;
				CLANG_WARN_OBJC_ROOT_CLASS = YES_ERROR;
				CLANG_WARN_QUOTED_INCLUDE_IN_FRAMEWORK_HEADER = YES;
				CLANG_WARN_RANGE_LOOP_ANALYSIS = YES;
				CLANG_WARN_STRICT_PROTOTYPES = YES;
				CLANG_WARN_SUSPICIOUS_MOVE = YES;
				CLANG_WARN_UNGUARDED_AVAILABILITY = YES_AGGRESSIVE;
				CLANG_WARN_UNREACHABLE_CODE = YES;
				CLANG_WARN__DUPLICATE_METHOD_MATCH = YES;
				COPY_PHASE_STRIP = NO;
				DEBUG_INFORMATION_FORMAT = dwarf;
				ENABLE_STRICT_OBJC_MSGSEND = YES;
				ENABLE_TESTABILITY = YES;
				ENABLE_USER_SCRIPT_SANDBOXING = YES;
				EXCLUDED_ARCHS = "";
				GCC_C_LANGUAGE_STANDARD = gnu17;
				GCC_DYNAMIC_NO_PIC = NO;
				GCC_NO_COMMON_BLOCKS = YES;
				GCC_OPTIMIZATION_LEVEL = 0;
				GCC_PREPROCESSOR_DEFINITIONS = (
					"DEBUG=1",
					"$(inherited)",
				);
				GCC_WARN_64_TO_32_BIT_CONVERSION = YES;
				GCC_WARN_ABOUT_RETURN_TYPE = YES_ERROR;
				GCC_WARN_UNDECLARED_SELECTOR = YES;
				GCC_WARN_UNINITIALIZED_AUTOS = YES_AGGRESSIVE;
				GCC_WARN_UNUSED_FUNCTION = YES;
				GCC_WARN_UNUSED_VARIABLE = YES;
				IPHONEOS_DEPLOYMENT_TARGET = 17.4;
				LOCALIZATION_PREFERS_STRING_CATALOGS = YES;
				MTL_ENABLE_DEBUG_INFO = INCLUDE_SOURCE;
				MTL_FAST_MATH = YES;
				ONLY_ACTIVE_ARCH = YES;
				SDKROOT = iphoneos;
				SWIFT_ACTIVE_COMPILATION_CONDITIONS = "DEBUG $(inherited)";
				SWIFT_OPTIMIZATION_LEVEL = "-Onone";
			};
			name = Debug;
		};
		14D3CE0B2BFB5CCE00E700CB /* Release */ = {
			isa = XCBuildConfiguration;
			buildSettings = {
				ALWAYS_SEARCH_USER_PATHS = NO;
				ASSETCATALOG_COMPILER_GENERATE_SWIFT_ASSET_SYMBOL_EXTENSIONS = YES;
				CLANG_ANALYZER_NONNULL = YES;
				CLANG_ANALYZER_NUMBER_OBJECT_CONVERSION = YES_AGGRESSIVE;
				CLANG_CXX_LANGUAGE_STANDARD = "gnu++20";
				CLANG_ENABLE_MODULES = YES;
				CLANG_ENABLE_OBJC_ARC = YES;
				CLANG_ENABLE_OBJC_WEAK = YES;
				CLANG_WARN_BLOCK_CAPTURE_AUTORELEASING = YES;
				CLANG_WARN_BOOL_CONVERSION = YES;
				CLANG_WARN_COMMA = YES;
				CLANG_WARN_CONSTANT_CONVERSION = YES;
				CLANG_WARN_DEPRECATED_OBJC_IMPLEMENTATIONS = YES;
				CLANG_WARN_DIRECT_OBJC_ISA_USAGE = YES_ERROR;
				CLANG_WARN_DOCUMENTATION_COMMENTS = YES;
				CLANG_WARN_EMPTY_BODY = YES;
				CLANG_WARN_ENUM_CONVERSION = YES;
				CLANG_WARN_INFINITE_RECURSION = YES;
				CLANG_WARN_INT_CONVERSION = YES;
				CLANG_WARN_NON_LITERAL_NULL_CONVERSION = YES;
				CLANG_WARN_OBJC_IMPLICIT_RETAIN_SELF = YES;
				CLANG_WARN_OBJC_LITERAL_CONVERSION = YES;
				CLANG_WARN_OBJC_ROOT_CLASS = YES_ERROR;
				CLANG_WARN_QUOTED_INCLUDE_IN_FRAMEWORK_HEADER = YES;
				CLANG_WARN_RANGE_LOOP_ANALYSIS = YES;
				CLANG_WARN_STRICT_PROTOTYPES = YES;
				CLANG_WARN_SUSPICIOUS_MOVE = YES;
				CLANG_WARN_UNGUARDED_AVAILABILITY = YES_AGGRESSIVE;
				CLANG_WARN_UNREACHABLE_CODE = YES;
				CLANG_WARN__DUPLICATE_METHOD_MATCH = YES;
				COPY_PHASE_STRIP = NO;
				DEBUG_INFORMATION_FORMAT = "dwarf-with-dsym";
				ENABLE_NS_ASSERTIONS = NO;
				ENABLE_STRICT_OBJC_MSGSEND = YES;
				ENABLE_USER_SCRIPT_SANDBOXING = YES;
				EXCLUDED_ARCHS = "";
				GCC_C_LANGUAGE_STANDARD = gnu17;
				GCC_NO_COMMON_BLOCKS = YES;
				GCC_WARN_64_TO_32_BIT_CONVERSION = YES;
				GCC_WARN_ABOUT_RETURN_TYPE = YES_ERROR;
				GCC_WARN_UNDECLARED_SELECTOR = YES;
				GCC_WARN_UNINITIALIZED_AUTOS = YES_AGGRESSIVE;
				GCC_WARN_UNUSED_FUNCTION = YES;
				GCC_WARN_UNUSED_VARIABLE = YES;
				IPHONEOS_DEPLOYMENT_TARGET = 17.4;
				LOCALIZATION_PREFERS_STRING_CATALOGS = YES;
				MTL_ENABLE_DEBUG_INFO = NO;
				MTL_FAST_MATH = YES;
				SDKROOT = iphoneos;
				SWIFT_COMPILATION_MODE = wholemodule;
				VALIDATE_PRODUCT = YES;
			};
			name = Release;
		};
		14D3CE0D2BFB5CCE00E700CB /* Debug */ = {
			isa = XCBuildConfiguration;
			baseConfigurationReference = 7AE7CD4A886247067C92030F /* Pods-WeatherApp.debug.xcconfig */;
			buildSettings = {
				ASSETCATALOG_COMPILER_APPICON_NAME = AppIcon;
				ASSETCATALOG_COMPILER_GLOBAL_ACCENT_COLOR_NAME = AccentColor;
				CODE_SIGN_IDENTITY = "Apple Development";
				"CODE_SIGN_IDENTITY[sdk=iphoneos*]" = "iPhone Developer";
				CODE_SIGN_STYLE = Manual;
				CURRENT_PROJECT_VERSION = 1;
				DEVELOPMENT_TEAM = "";
				"DEVELOPMENT_TEAM[sdk=iphoneos*]" = 9J9RPN8HF2;
				ENABLE_USER_SCRIPT_SANDBOXING = NO;
				GENERATE_INFOPLIST_FILE = YES;
				INFOPLIST_FILE = WeatherApp/Info.plist;
				INFOPLIST_KEY_NSCameraUsageDescription = "camera use.";
				INFOPLIST_KEY_UIApplicationSupportsIndirectInputEvents = YES;
				INFOPLIST_KEY_UILaunchStoryboardName = LaunchScreen;
				INFOPLIST_KEY_UIMainStoryboardFile = Main;
				INFOPLIST_KEY_UISupportedInterfaceOrientations_iPad = "UIInterfaceOrientationPortrait UIInterfaceOrientationPortraitUpsideDown UIInterfaceOrientationLandscapeLeft UIInterfaceOrientationLandscapeRight";
				INFOPLIST_KEY_UISupportedInterfaceOrientations_iPhone = "UIInterfaceOrientationPortrait UIInterfaceOrientationLandscapeLeft UIInterfaceOrientationLandscapeRight";
				IPHONEOS_DEPLOYMENT_TARGET = 15.4;
				LD_RUNPATH_SEARCH_PATHS = (
					"$(inherited)",
					"@executable_path/Frameworks",
				);
				MARKETING_VERSION = 1.0;
				PRODUCT_BUNDLE_IDENTIFIER = com.WeatherApp;
				PRODUCT_NAME = "$(TARGET_NAME)";
				PROVISIONING_PROFILE_SPECIFIER = "";
				"PROVISIONING_PROFILE_SPECIFIER[sdk=iphoneos*]" = "Wildcard Development";
				SWIFT_EMIT_LOC_STRINGS = YES;
				SWIFT_VERSION = 5.0;
				TARGETED_DEVICE_FAMILY = "1,2";
			};
			name = Debug;
		};
		14D3CE0E2BFB5CCE00E700CB /* Release */ = {
			isa = XCBuildConfiguration;
			baseConfigurationReference = 73CF1AFA498B569ECB9CC7FB /* Pods-WeatherApp.release.xcconfig */;
			buildSettings = {
				ASSETCATALOG_COMPILER_APPICON_NAME = AppIcon;
				ASSETCATALOG_COMPILER_GLOBAL_ACCENT_COLOR_NAME = AccentColor;
				CODE_SIGN_IDENTITY = "Apple Development";
				"CODE_SIGN_IDENTITY[sdk=iphoneos*]" = "iPhone Developer";
				CODE_SIGN_STYLE = Manual;
				CURRENT_PROJECT_VERSION = 1;
				DEVELOPMENT_TEAM = "";
				"DEVELOPMENT_TEAM[sdk=iphoneos*]" = 9J9RPN8HF2;
				ENABLE_USER_SCRIPT_SANDBOXING = NO;
				GENERATE_INFOPLIST_FILE = YES;
				INFOPLIST_FILE = WeatherApp/Info.plist;
				INFOPLIST_KEY_NSCameraUsageDescription = "camera use.";
				INFOPLIST_KEY_UIApplicationSupportsIndirectInputEvents = YES;
				INFOPLIST_KEY_UILaunchStoryboardName = LaunchScreen;
				INFOPLIST_KEY_UIMainStoryboardFile = Main;
				INFOPLIST_KEY_UISupportedInterfaceOrientations_iPad = "UIInterfaceOrientationPortrait UIInterfaceOrientationPortraitUpsideDown UIInterfaceOrientationLandscapeLeft UIInterfaceOrientationLandscapeRight";
				INFOPLIST_KEY_UISupportedInterfaceOrientations_iPhone = "UIInterfaceOrientationPortrait UIInterfaceOrientationLandscapeLeft UIInterfaceOrientationLandscapeRight";
				IPHONEOS_DEPLOYMENT_TARGET = 15.4;
				LD_RUNPATH_SEARCH_PATHS = (
					"$(inherited)",
					"@executable_path/Frameworks",
				);
				MARKETING_VERSION = 1.0;
				PRODUCT_BUNDLE_IDENTIFIER = com.WeatherApp;
				PRODUCT_NAME = "$(TARGET_NAME)";
				PROVISIONING_PROFILE_SPECIFIER = "";
				"PROVISIONING_PROFILE_SPECIFIER[sdk=iphoneos*]" = "Wildcard Development";
				SWIFT_EMIT_LOC_STRINGS = YES;
				SWIFT_VERSION = 5.0;
				TARGETED_DEVICE_FAMILY = "1,2";
			};
			name = Release;
		};
		14D3CE102BFB5CCE00E700CB /* Debug */ = {
			isa = XCBuildConfiguration;
			buildSettings = {
				ALWAYS_EMBED_SWIFT_STANDARD_LIBRARIES = YES;
				BUNDLE_LOADER = "$(TEST_HOST)";
				CODE_SIGN_STYLE = Manual;
				CURRENT_PROJECT_VERSION = 1;
				DEVELOPMENT_TEAM = "";
				ENABLE_USER_SCRIPT_SANDBOXING = NO;
				GENERATE_INFOPLIST_FILE = YES;
				IPHONEOS_DEPLOYMENT_TARGET = 17.4;
				MARKETING_VERSION = 1.0;
				PRODUCT_BUNDLE_IDENTIFIER = com.WeatherAppTests;
				PRODUCT_NAME = "$(TARGET_NAME)";
				PROVISIONING_PROFILE_SPECIFIER = "";
				SWIFT_EMIT_LOC_STRINGS = NO;
				SWIFT_VERSION = 5.0;
				TARGETED_DEVICE_FAMILY = "1,2";
				TEST_HOST = "$(BUILT_PRODUCTS_DIR)/WeatherApp.app/$(BUNDLE_EXECUTABLE_FOLDER_PATH)/WeatherApp";
			};
			name = Debug;
		};
		14D3CE112BFB5CCE00E700CB /* Release */ = {
			isa = XCBuildConfiguration;
			buildSettings = {
				ALWAYS_EMBED_SWIFT_STANDARD_LIBRARIES = YES;
				BUNDLE_LOADER = "$(TEST_HOST)";
				CODE_SIGN_STYLE = Manual;
				CURRENT_PROJECT_VERSION = 1;
				DEVELOPMENT_TEAM = "";
				ENABLE_USER_SCRIPT_SANDBOXING = NO;
				GENERATE_INFOPLIST_FILE = YES;
				IPHONEOS_DEPLOYMENT_TARGET = 17.4;
				MARKETING_VERSION = 1.0;
				PRODUCT_BUNDLE_IDENTIFIER = com.WeatherAppTests;
				PRODUCT_NAME = "$(TARGET_NAME)";
				PROVISIONING_PROFILE_SPECIFIER = "";
				SWIFT_EMIT_LOC_STRINGS = NO;
				SWIFT_VERSION = 5.0;
				TARGETED_DEVICE_FAMILY = "1,2";
				TEST_HOST = "$(BUILT_PRODUCTS_DIR)/WeatherApp.app/$(BUNDLE_EXECUTABLE_FOLDER_PATH)/WeatherApp";
			};
			name = Release;
		};
		14D3CE132BFB5CCE00E700CB /* Debug */ = {
			isa = XCBuildConfiguration;
			buildSettings = {
				ALWAYS_EMBED_SWIFT_STANDARD_LIBRARIES = YES;
				CODE_SIGN_STYLE = Manual;
				CURRENT_PROJECT_VERSION = 1;
				DEVELOPMENT_TEAM = "";
				ENABLE_USER_SCRIPT_SANDBOXING = NO;
				GENERATE_INFOPLIST_FILE = YES;
				MARKETING_VERSION = 1.0;
				PRODUCT_BUNDLE_IDENTIFIER = com.WeatherAppUITests;
				PRODUCT_NAME = "$(TARGET_NAME)";
				PROVISIONING_PROFILE_SPECIFIER = "";
				SWIFT_EMIT_LOC_STRINGS = NO;
				SWIFT_VERSION = 5.0;
				TARGETED_DEVICE_FAMILY = "1,2";
				TEST_TARGET_NAME = WeatherApp;
			};
			name = Debug;
		};
		14D3CE142BFB5CCE00E700CB /* Release */ = {
			isa = XCBuildConfiguration;
			buildSettings = {
				ALWAYS_EMBED_SWIFT_STANDARD_LIBRARIES = YES;
				CODE_SIGN_STYLE = Manual;
				CURRENT_PROJECT_VERSION = 1;
				DEVELOPMENT_TEAM = "";
				ENABLE_USER_SCRIPT_SANDBOXING = NO;
				GENERATE_INFOPLIST_FILE = YES;
				MARKETING_VERSION = 1.0;
				PRODUCT_BUNDLE_IDENTIFIER = com.WeatherAppUITests;
				PRODUCT_NAME = "$(TARGET_NAME)";
				PROVISIONING_PROFILE_SPECIFIER = "";
				SWIFT_EMIT_LOC_STRINGS = NO;
				SWIFT_VERSION = 5.0;
				TARGETED_DEVICE_FAMILY = "1,2";
				TEST_TARGET_NAME = WeatherApp;
			};
			name = Release;
		};
/* End XCBuildConfiguration section */

/* Begin XCConfigurationList section */
		14D3CDDD2BFB5CCD00E700CB /* Build configuration list for PBXProject "WeatherApp" */ = {
			isa = XCConfigurationList;
			buildConfigurations = (
				14D3CE0A2BFB5CCE00E700CB /* Debug */,
				14D3CE0B2BFB5CCE00E700CB /* Release */,
			);
			defaultConfigurationIsVisible = 0;
			defaultConfigurationName = Release;
		};
		14D3CE0C2BFB5CCE00E700CB /* Build configuration list for PBXNativeTarget "WeatherApp" */ = {
			isa = XCConfigurationList;
			buildConfigurations = (
				14D3CE0D2BFB5CCE00E700CB /* Debug */,
				14D3CE0E2BFB5CCE00E700CB /* Release */,
			);
			defaultConfigurationIsVisible = 0;
			defaultConfigurationName = Release;
		};
		14D3CE0F2BFB5CCE00E700CB /* Build configuration list for PBXNativeTarget "WeatherAppTests" */ = {
			isa = XCConfigurationList;
			buildConfigurations = (
				14D3CE102BFB5CCE00E700CB /* Debug */,
				14D3CE112BFB5CCE00E700CB /* Release */,
			);
			defaultConfigurationIsVisible = 0;
			defaultConfigurationName = Release;
		};
		14D3CE122BFB5CCE00E700CB /* Build configuration list for PBXNativeTarget "WeatherAppUITests" */ = {
			isa = XCConfigurationList;
			buildConfigurations = (
				14D3CE132BFB5CCE00E700CB /* Debug */,
				14D3CE142BFB5CCE00E700CB /* Release */,
			);
			defaultConfigurationIsVisible = 0;
			defaultConfigurationName = Release;
		};
/* End XCConfigurationList section */

/* Begin XCRemoteSwiftPackageReference section */
		144063E12C187823007E9A52 /* XCRemoteSwiftPackageReference "MCEmojiPicker" */ = {
			isa = XCRemoteSwiftPackageReference;
			repositoryURL = "https://github.com/izyumkin/MCEmojiPicker";
			requirement = {
				kind = upToNextMajorVersion;
				minimumVersion = 1.2.3;
			};
		};
		14939D562C06ED39001E6A44 /* XCRemoteSwiftPackageReference "firebase-ios-sdk" */ = {
			isa = XCRemoteSwiftPackageReference;
			repositoryURL = "https://github.com/firebase/firebase-ios-sdk";
			requirement = {
				kind = upToNextMajorVersion;
				minimumVersion = 10.26.0;
			};
		};
/* End XCRemoteSwiftPackageReference section */

/* Begin XCSwiftPackageProductDependency section */
		144063E52C187B3A007E9A52 /* MCEmojiPicker */ = {
			isa = XCSwiftPackageProductDependency;
			package = 144063E12C187823007E9A52 /* XCRemoteSwiftPackageReference "MCEmojiPicker" */;
			productName = MCEmojiPicker;
		};
/* End XCSwiftPackageProductDependency section */
	};
	rootObject = 14D3CDDA2BFB5CCD00E700CB /* Project object */;
}
